// !$*UTF8*$!
{
	archiveVersion = 1;
	classes = {
	};
	objectVersion = 46;
	objects = {

/* Begin PBXBuildFile section */
		6F01F9D015E620B800EE321E /* UIBarButtonItem+WEPopover.m in Sources */ = {isa = PBXBuildFile; fileRef = 6F01F9C815E620B800EE321E /* UIBarButtonItem+WEPopover.m */; settings = {COMPILER_FLAGS = "-fno-objc-arc"; }; };
		6F01F9D115E620B800EE321E /* WEPopoverContainerView.m in Sources */ = {isa = PBXBuildFile; fileRef = 6F01F9CA15E620B800EE321E /* WEPopoverContainerView.m */; settings = {COMPILER_FLAGS = "-fno-objc-arc"; }; };
		6F01F9D215E620B800EE321E /* WEPopoverController.m in Sources */ = {isa = PBXBuildFile; fileRef = 6F01F9CC15E620B800EE321E /* WEPopoverController.m */; settings = {COMPILER_FLAGS = "-fno-objc-arc"; }; };
		6F01F9D315E620B800EE321E /* WETouchableView.m in Sources */ = {isa = PBXBuildFile; fileRef = 6F01F9CF15E620B800EE321E /* WETouchableView.m */; settings = {COMPILER_FLAGS = "-fno-objc-arc"; }; };
		6F01F9DD15E621B100EE321E /* WEPopoverContentViewController.m in Sources */ = {isa = PBXBuildFile; fileRef = 6F01F9DC15E621B100EE321E /* WEPopoverContentViewController.m */; settings = {COMPILER_FLAGS = "-fno-objc-arc"; }; };
		6F01F9ED15E625DB00EE321E /* popoverArrowDown.png in Resources */ = {isa = PBXBuildFile; fileRef = 6F01F9DE15E625DB00EE321E /* popoverArrowDown.png */; };
		6F01F9EE15E625DB00EE321E /* popoverArrowDown@2x.png in Resources */ = {isa = PBXBuildFile; fileRef = 6F01F9DF15E625DB00EE321E /* popoverArrowDown@2x.png */; };
		6F01F9EF15E625DB00EE321E /* popoverArrowDownSimple.png in Resources */ = {isa = PBXBuildFile; fileRef = 6F01F9E015E625DB00EE321E /* popoverArrowDownSimple.png */; };
		6F01F9F015E625DB00EE321E /* popoverArrowLeft.png in Resources */ = {isa = PBXBuildFile; fileRef = 6F01F9E115E625DB00EE321E /* popoverArrowLeft.png */; };
		6F01F9F115E625DB00EE321E /* popoverArrowLeft@2x.png in Resources */ = {isa = PBXBuildFile; fileRef = 6F01F9E215E625DB00EE321E /* popoverArrowLeft@2x.png */; };
		6F01F9F215E625DB00EE321E /* popoverArrowLeftSimple.png in Resources */ = {isa = PBXBuildFile; fileRef = 6F01F9E315E625DB00EE321E /* popoverArrowLeftSimple.png */; };
		6F01F9F315E625DB00EE321E /* popoverArrowRight.png in Resources */ = {isa = PBXBuildFile; fileRef = 6F01F9E415E625DB00EE321E /* popoverArrowRight.png */; };
		6F01F9F415E625DB00EE321E /* popoverArrowRight@2x.png in Resources */ = {isa = PBXBuildFile; fileRef = 6F01F9E515E625DB00EE321E /* popoverArrowRight@2x.png */; };
		6F01F9F515E625DB00EE321E /* popoverArrowRightSimple.png in Resources */ = {isa = PBXBuildFile; fileRef = 6F01F9E615E625DB00EE321E /* popoverArrowRightSimple.png */; };
		6F01F9F615E625DB00EE321E /* popoverArrowUp.png in Resources */ = {isa = PBXBuildFile; fileRef = 6F01F9E715E625DB00EE321E /* popoverArrowUp.png */; };
		6F01F9F715E625DB00EE321E /* popoverArrowUp@2x.png in Resources */ = {isa = PBXBuildFile; fileRef = 6F01F9E815E625DB00EE321E /* popoverArrowUp@2x.png */; };
		6F01F9F815E625DB00EE321E /* popoverArrowUpSimple.png in Resources */ = {isa = PBXBuildFile; fileRef = 6F01F9E915E625DB00EE321E /* popoverArrowUpSimple.png */; };
		6F01F9F915E625DB00EE321E /* popoverBg.png in Resources */ = {isa = PBXBuildFile; fileRef = 6F01F9EA15E625DB00EE321E /* popoverBg.png */; };
		6F01F9FA15E625DB00EE321E /* popoverBg@2x.png in Resources */ = {isa = PBXBuildFile; fileRef = 6F01F9EB15E625DB00EE321E /* popoverBg@2x.png */; };
		6F01F9FB15E625DB00EE321E /* popoverBgSimple.png in Resources */ = {isa = PBXBuildFile; fileRef = 6F01F9EC15E625DB00EE321E /* popoverBgSimple.png */; };
		6F01FA0715E63F9100EE321E /* Provider.png in Resources */ = {isa = PBXBuildFile; fileRef = 6F01FA0615E63F9100EE321E /* Provider.png */; };
		6F420CE815C662F100319B83 /* Default.png in Resources */ = {isa = PBXBuildFile; fileRef = 6F420CE715C662F100319B83 /* Default.png */; };
		6F420D0015C68F5500319B83 /* about.png in Resources */ = {isa = PBXBuildFile; fileRef = 6F420CFF15C68F5500319B83 /* about.png */; };
		6FA3253615DCE8F600C1CD32 /* Data.plist in Resources */ = {isa = PBXBuildFile; fileRef = 6FA3253515DCE8F600C1CD32 /* Data.plist */; };
		6FC7847E15C27AA300A18A34 /* IIViewDeckController.m in Sources */ = {isa = PBXBuildFile; fileRef = 6FC7847B15C27AA300A18A34 /* IIViewDeckController.m */; };
		6FC7847F15C27AA300A18A34 /* WrapController.m in Sources */ = {isa = PBXBuildFile; fileRef = 6FC7847D15C27AA300A18A34 /* WrapController.m */; };
		6FE28E6515C78A6F00BB7A4E /* QuartzCore.framework in Frameworks */ = {isa = PBXBuildFile; fileRef = 6FE28E6415C78A6F00BB7A4E /* QuartzCore.framework */; };
		6FE28E6815C7B38100BB7A4E /* MediaPlayer.framework in Frameworks */ = {isa = PBXBuildFile; fileRef = 6FE28E6715C7B38100BB7A4E /* MediaPlayer.framework */; };
		6FE28E8115C7BD0D00BB7A4E /* AVFoundation.framework in Frameworks */ = {isa = PBXBuildFile; fileRef = 6FE28E8015C7BD0D00BB7A4E /* AVFoundation.framework */; };
		6FE32C1815D2177300F344E0 /* MapKitDisplayController.m in Sources */ = {isa = PBXBuildFile; fileRef = 6FE32C1715D2177300F344E0 /* MapKitDisplayController.m */; };
		6FFA717015E733D6000A214D /* CheckIcon.png in Resources */ = {isa = PBXBuildFile; fileRef = 6FFA716F15E733D6000A214D /* CheckIcon.png */; };
		6FFEEE9C15E3953800322710 /* Icon.png in Resources */ = {isa = PBXBuildFile; fileRef = 6FFEEE9A15E3953800322710 /* Icon.png */; };
		6FFEEE9D15E3953800322710 /* Icon@2x.png in Resources */ = {isa = PBXBuildFile; fileRef = 6FFEEE9B15E3953800322710 /* Icon@2x.png */; };
		6FFFC0D515CF614B003D9326 /* LBYouTubePlayerController.m in Sources */ = {isa = PBXBuildFile; fileRef = 6FFFC0D215CF614B003D9326 /* LBYouTubePlayerController.m */; };
		6FFFC0D615CF614B003D9326 /* LBYouTubePlayerViewController.m in Sources */ = {isa = PBXBuildFile; fileRef = 6FFFC0D415CF614B003D9326 /* LBYouTubePlayerViewController.m */; };
		6FFFC0DC15CF669E003D9326 /* TrailerController.m in Sources */ = {isa = PBXBuildFile; fileRef = 6FFFC0DA15CF669E003D9326 /* TrailerController.m */; };
		6FFFC0DD15CF669E003D9326 /* TrailerView.xib in Resources */ = {isa = PBXBuildFile; fileRef = 6FFFC0DB15CF669E003D9326 /* TrailerView.xib */; };
		6FFFC0FF15CF9E71003D9326 /* MapKit.framework in Frameworks */ = {isa = PBXBuildFile; fileRef = 6FFFC0FE15CF9E71003D9326 /* MapKit.framework */; };
		6FFFC11C15CFA73C003D9326 /* DisplayMap.m in Sources */ = {isa = PBXBuildFile; fileRef = 6FFFC11B15CFA73C003D9326 /* DisplayMap.m */; settings = {COMPILER_FLAGS = "-fno-objc-arc"; }; };
		6FFFC11E15CFA7A1003D9326 /* MapKitDisplayView.xib in Resources */ = {isa = PBXBuildFile; fileRef = 6FFFC11D15CFA7A1003D9326 /* MapKitDisplayView.xib */; };
		F38DA8F415D8F05400C40810 /* CoreData.framework in Frameworks */ = {isa = PBXBuildFile; fileRef = F38DA8F315D8F05300C40810 /* CoreData.framework */; };
		F38DA93915D91CD300C40810 /* DataService.m in Sources */ = {isa = PBXBuildFile; fileRef = F38DA92C15D91CD300C40810 /* DataService.m */; };
		F38DA93E15D91CD300C40810 /* SGN_Movie.xcdatamodeld in Sources */ = {isa = PBXBuildFile; fileRef = F38DA93615D91CD300C40810 /* SGN_Movie.xcdatamodeld */; };
		F3951C1815CFC52C00BCF4D8 /* ShowTimesView.xib in Resources */ = {isa = PBXBuildFile; fileRef = F3951C1715CFC52C00BCF4D8 /* ShowTimesView.xib */; };
		F3951C5115CFD72800BCF4D8 /* SGNComboView.m in Sources */ = {isa = PBXBuildFile; fileRef = F3951C5015CFD72800BCF4D8 /* SGNComboView.m */; };
		F3951C5315CFD73F00BCF4D8 /* SGNComboView.xib in Resources */ = {isa = PBXBuildFile; fileRef = F3951C5215CFD73F00BCF4D8 /* SGNComboView.xib */; };
		F397E67415C159A100A92874 /* UIKit.framework in Frameworks */ = {isa = PBXBuildFile; fileRef = F397E67315C159A100A92874 /* UIKit.framework */; };
		F397E67615C159A100A92874 /* Foundation.framework in Frameworks */ = {isa = PBXBuildFile; fileRef = F397E67515C159A100A92874 /* Foundation.framework */; };
		F397E67815C159A100A92874 /* CoreGraphics.framework in Frameworks */ = {isa = PBXBuildFile; fileRef = F397E67715C159A100A92874 /* CoreGraphics.framework */; };
		F397E67E15C159A100A92874 /* InfoPlist.strings in Resources */ = {isa = PBXBuildFile; fileRef = F397E67C15C159A100A92874 /* InfoPlist.strings */; };
		F397E68015C159A100A92874 /* main.m in Sources */ = {isa = PBXBuildFile; fileRef = F397E67F15C159A100A92874 /* main.m */; settings = {COMPILER_FLAGS = "-fno-objc-arc"; }; };
		F397E69F15C15B3D00A92874 /* AppDelegate.m in Sources */ = {isa = PBXBuildFile; fileRef = F397E69415C15B3D00A92874 /* AppDelegate.m */; settings = {COMPILER_FLAGS = "-fno-objc-arc"; }; };
		F397E6AF15C15C0700A92874 /* Background7.jpg in Resources */ = {isa = PBXBuildFile; fileRef = F397E6AA15C15C0700A92874 /* Background7.jpg */; };
		F397E6B015C15C0700A92874 /* Background8.jpg in Resources */ = {isa = PBXBuildFile; fileRef = F397E6AB15C15C0700A92874 /* Background8.jpg */; };
		F397E6B115C15C0700A92874 /* Menu.png in Resources */ = {isa = PBXBuildFile; fileRef = F397E6AC15C15C0700A92874 /* Menu.png */; };
		F397E6B215C15C0700A92874 /* movie.png in Resources */ = {isa = PBXBuildFile; fileRef = F397E6AD15C15C0700A92874 /* movie.png */; };
		F397E6B315C15C0700A92874 /* widescreen.png in Resources */ = {isa = PBXBuildFile; fileRef = F397E6AE15C15C0700A92874 /* widescreen.png */; };
		F397E6E415C15CEB00A92874 /* AFHTTPClient.m in Sources */ = {isa = PBXBuildFile; fileRef = F397E6BB15C15CEB00A92874 /* AFHTTPClient.m */; settings = {COMPILER_FLAGS = "-fno-objc-arc"; }; };
		F397E6E515C15CEB00A92874 /* AFHTTPRequestOperation.m in Sources */ = {isa = PBXBuildFile; fileRef = F397E6BD15C15CEB00A92874 /* AFHTTPRequestOperation.m */; settings = {COMPILER_FLAGS = "-fno-objc-arc"; }; };
		F397E6E615C15CEB00A92874 /* AFImageRequestOperation.m in Sources */ = {isa = PBXBuildFile; fileRef = F397E6BF15C15CEB00A92874 /* AFImageRequestOperation.m */; settings = {COMPILER_FLAGS = "-fno-objc-arc"; }; };
		F397E6E715C15CEB00A92874 /* AFJSONRequestOperation.m in Sources */ = {isa = PBXBuildFile; fileRef = F397E6C115C15CEB00A92874 /* AFJSONRequestOperation.m */; settings = {COMPILER_FLAGS = "-fno-objc-arc"; }; };
		F397E6E815C15CEB00A92874 /* AFJSONUtilities.m in Sources */ = {isa = PBXBuildFile; fileRef = F397E6C315C15CEB00A92874 /* AFJSONUtilities.m */; settings = {COMPILER_FLAGS = "-fno-objc-arc"; }; };
		F397E6E915C15CEB00A92874 /* AFNetworkActivityIndicatorManager.m in Sources */ = {isa = PBXBuildFile; fileRef = F397E6C515C15CEB00A92874 /* AFNetworkActivityIndicatorManager.m */; settings = {COMPILER_FLAGS = "-fno-objc-arc"; }; };
		F397E6EA15C15CEB00A92874 /* AFPropertyListRequestOperation.m in Sources */ = {isa = PBXBuildFile; fileRef = F397E6C815C15CEB00A92874 /* AFPropertyListRequestOperation.m */; settings = {COMPILER_FLAGS = "-fno-objc-arc"; }; };
		F397E6EB15C15CEB00A92874 /* AFURLConnectionOperation.m in Sources */ = {isa = PBXBuildFile; fileRef = F397E6CA15C15CEB00A92874 /* AFURLConnectionOperation.m */; settings = {COMPILER_FLAGS = "-fno-objc-arc"; }; };
		F397E6EC15C15CEB00A92874 /* AFXMLRequestOperation.m in Sources */ = {isa = PBXBuildFile; fileRef = F397E6CC15C15CEB00A92874 /* AFXMLRequestOperation.m */; settings = {COMPILER_FLAGS = "-fno-objc-arc"; }; };
		F397E6ED15C15CEB00A92874 /* UIImageView+AFNetworking.m in Sources */ = {isa = PBXBuildFile; fileRef = F397E6CE15C15CEB00A92874 /* UIImageView+AFNetworking.m */; settings = {COMPILER_FLAGS = "-fno-objc-arc"; }; };
		F397E70C15C15D3600A92874 /* HJCircularBuffer.m in Sources */ = {isa = PBXBuildFile; fileRef = F397E6F915C15D3600A92874 /* HJCircularBuffer.m */; settings = {COMPILER_FLAGS = "-fno-objc-arc"; }; };
		F397E70D15C15D3600A92874 /* HJManagedImageV.m in Sources */ = {isa = PBXBuildFile; fileRef = F397E6FB15C15D3600A92874 /* HJManagedImageV.m */; settings = {COMPILER_FLAGS = "-fno-objc-arc"; }; };
		F397E70E15C15D3600A92874 /* HJMOBigFileCache.m in Sources */ = {isa = PBXBuildFile; fileRef = F397E6FE15C15D3600A92874 /* HJMOBigFileCache.m */; settings = {COMPILER_FLAGS = "-fno-objc-arc"; }; };
		F397E70F15C15D3600A92874 /* HJMOFileCache.m in Sources */ = {isa = PBXBuildFile; fileRef = F397E70015C15D3600A92874 /* HJMOFileCache.m */; settings = {COMPILER_FLAGS = "-fno-objc-arc"; }; };
		F397E71015C15D3600A92874 /* HJMOHandler.m in Sources */ = {isa = PBXBuildFile; fileRef = F397E70215C15D3600A92874 /* HJMOHandler.m */; settings = {COMPILER_FLAGS = "-fno-objc-arc"; }; };
		F397E71115C15D3600A92874 /* HJMOPolicy.m in Sources */ = {isa = PBXBuildFile; fileRef = F397E70415C15D3600A92874 /* HJMOPolicy.m */; settings = {COMPILER_FLAGS = "-fno-objc-arc"; }; };
		F397E71215C15D3600A92874 /* HJMOUserBase.m in Sources */ = {isa = PBXBuildFile; fileRef = F397E70715C15D3600A92874 /* HJMOUserBase.m */; settings = {COMPILER_FLAGS = "-fno-objc-arc"; }; };
		F397E71315C15D3600A92874 /* HJObjManager.m in Sources */ = {isa = PBXBuildFile; fileRef = F397E70915C15D3600A92874 /* HJObjManager.m */; settings = {COMPILER_FLAGS = "-fno-objc-arc"; }; };
		F397E71415C15D3600A92874 /* HJWeakMutableArray.m in Sources */ = {isa = PBXBuildFile; fileRef = F397E70B15C15D3600A92874 /* HJWeakMutableArray.m */; settings = {COMPILER_FLAGS = "-fno-objc-arc"; }; };
		F397E72115C1604400A92874 /* HJCache.m in Sources */ = {isa = PBXBuildFile; fileRef = F397E72015C1604400A92874 /* HJCache.m */; settings = {COMPILER_FLAGS = "-fno-objc-arc"; }; };
		F39FDF7D15EB8413004A3A59 /* Cinema.m in Sources */ = {isa = PBXBuildFile; fileRef = F39FDF7C15EB8413004A3A59 /* Cinema.m */; };
		F39FDF8015EB8414004A3A59 /* Provider.m in Sources */ = {isa = PBXBuildFile; fileRef = F39FDF7F15EB8414004A3A59 /* Provider.m */; };
		F39FDF8315EB8414004A3A59 /* Sessiontime.m in Sources */ = {isa = PBXBuildFile; fileRef = F39FDF8215EB8414004A3A59 /* Sessiontime.m */; };
		F39FDF8615EB8415004A3A59 /* Movie.m in Sources */ = {isa = PBXBuildFile; fileRef = F39FDF8515EB8415004A3A59 /* Movie.m */; };
		F39FDF8A15EB8D1C004A3A59 /* SGNManagedObject.m in Sources */ = {isa = PBXBuildFile; fileRef = F39FDF8915EB8D1C004A3A59 /* SGNManagedObject.m */; };
		F3A7EB6F15CBAC73006876BC /* CinemaDetailView.xib in Resources */ = {isa = PBXBuildFile; fileRef = F3A7EB6E15CBAC73006876BC /* CinemaDetailView.xib */; };
		F3A7EB7215CBAC84006876BC /* CinemaDetailController.m in Sources */ = {isa = PBXBuildFile; fileRef = F3A7EB7115CBAC84006876BC /* CinemaDetailController.m */; };
		F3B1007C15DBA07A00F67674 /* Repository.m in Sources */ = {isa = PBXBuildFile; fileRef = F3B1007B15DBA07A00F67674 /* Repository.m */; };
		F3B7529415D240E800D29207 /* SGNCustomPopup.m in Sources */ = {isa = PBXBuildFile; fileRef = F3B7529215D240E800D29207 /* SGNCustomPopup.m */; };
		F3B7529515D240E800D29207 /* SGNCustomPopup.xib in Resources */ = {isa = PBXBuildFile; fileRef = F3B7529315D240E800D29207 /* SGNCustomPopup.xib */; };
		F3C24E5315C8027B0077C801 /* AboutController.m in Sources */ = {isa = PBXBuildFile; fileRef = F3C24E3A15C8027B0077C801 /* AboutController.m */; };
		F3C24E5415C8027B0077C801 /* MovieDetailController.m in Sources */ = {isa = PBXBuildFile; fileRef = F3C24E3D15C8027B0077C801 /* MovieDetailController.m */; };
		F3C24E5515C8027B0077C801 /* CinemasController.m in Sources */ = {isa = PBXBuildFile; fileRef = F3C24E4015C8027B0077C801 /* CinemasController.m */; };
		F3C24E5615C8027B0077C801 /* MoviesController.m in Sources */ = {isa = PBXBuildFile; fileRef = F3C24E4315C8027B0077C801 /* MoviesController.m */; };
		F3C24E5715C8027B0077C801 /* MenuController.m in Sources */ = {isa = PBXBuildFile; fileRef = F3C24E4615C8027B0077C801 /* MenuController.m */; };
		F3C24E5815C8027B0077C801 /* MovieDetailView.xib in Resources */ = {isa = PBXBuildFile; fileRef = F3C24E4915C8027B0077C801 /* MovieDetailView.xib */; };
		F3C24E5A15C8027B0077C801 /* SGNCinemasListCell.m in Sources */ = {isa = PBXBuildFile; fileRef = F3C24E4D15C8027B0077C801 /* SGNCinemasListCell.m */; };
		F3C24E5B15C8027B0077C801 /* SGNCinemasListCell.xib in Resources */ = {isa = PBXBuildFile; fileRef = F3C24E4E15C8027B0077C801 /* SGNCinemasListCell.xib */; };
		F3C24E5C15C8027B0077C801 /* MoviesView.xib in Resources */ = {isa = PBXBuildFile; fileRef = F3C24E5015C8027B0077C801 /* MoviesView.xib */; };
		F3C24E5D15C8027B0077C801 /* MenuView.xib in Resources */ = {isa = PBXBuildFile; fileRef = F3C24E5215C8027B0077C801 /* MenuView.xib */; };
		F3C24E5F15C802ED0077C801 /* CinemasView.xib in Resources */ = {isa = PBXBuildFile; fileRef = F3C24E5E15C802ED0077C801 /* CinemasView.xib */; };
		F3DDF9A515C2753500A47C57 /* JSONKit.m in Sources */ = {isa = PBXBuildFile; fileRef = F3DDF9A415C2753500A47C57 /* JSONKit.m */; settings = {COMPILER_FLAGS = "-fno-objc-arc"; }; };
		F3EFFF2D15E4F4EB00B4A2DD /* ShowTimesController.m in Sources */ = {isa = PBXBuildFile; fileRef = F3EFFF2C15E4F4EB00B4A2DD /* ShowTimesController.m */; };
/* End PBXBuildFile section */

/* Begin PBXFileReference section */
		6F01F9C715E620B800EE321E /* UIBarButtonItem+WEPopover.h */ = {isa = PBXFileReference; fileEncoding = 4; lastKnownFileType = sourcecode.c.h; path = "UIBarButtonItem+WEPopover.h"; sourceTree = "<group>"; };
		6F01F9C815E620B800EE321E /* UIBarButtonItem+WEPopover.m */ = {isa = PBXFileReference; fileEncoding = 4; lastKnownFileType = sourcecode.c.objc; path = "UIBarButtonItem+WEPopover.m"; sourceTree = "<group>"; };
		6F01F9C915E620B800EE321E /* WEPopoverContainerView.h */ = {isa = PBXFileReference; fileEncoding = 4; lastKnownFileType = sourcecode.c.h; path = WEPopoverContainerView.h; sourceTree = "<group>"; };
		6F01F9CA15E620B800EE321E /* WEPopoverContainerView.m */ = {isa = PBXFileReference; fileEncoding = 4; lastKnownFileType = sourcecode.c.objc; path = WEPopoverContainerView.m; sourceTree = "<group>"; };
		6F01F9CB15E620B800EE321E /* WEPopoverController.h */ = {isa = PBXFileReference; fileEncoding = 4; lastKnownFileType = sourcecode.c.h; path = WEPopoverController.h; sourceTree = "<group>"; };
		6F01F9CC15E620B800EE321E /* WEPopoverController.m */ = {isa = PBXFileReference; fileEncoding = 4; lastKnownFileType = sourcecode.c.objc; path = WEPopoverController.m; sourceTree = "<group>"; };
		6F01F9CD15E620B800EE321E /* WEPopoverParentView.h */ = {isa = PBXFileReference; fileEncoding = 4; lastKnownFileType = sourcecode.c.h; path = WEPopoverParentView.h; sourceTree = "<group>"; };
		6F01F9CE15E620B800EE321E /* WETouchableView.h */ = {isa = PBXFileReference; fileEncoding = 4; lastKnownFileType = sourcecode.c.h; path = WETouchableView.h; sourceTree = "<group>"; };
		6F01F9CF15E620B800EE321E /* WETouchableView.m */ = {isa = PBXFileReference; fileEncoding = 4; lastKnownFileType = sourcecode.c.objc; path = WETouchableView.m; sourceTree = "<group>"; };
		6F01F9DB15E621B100EE321E /* WEPopoverContentViewController.h */ = {isa = PBXFileReference; fileEncoding = 4; lastKnownFileType = sourcecode.c.h; path = WEPopoverContentViewController.h; sourceTree = "<group>"; };
		6F01F9DC15E621B100EE321E /* WEPopoverContentViewController.m */ = {isa = PBXFileReference; fileEncoding = 4; lastKnownFileType = sourcecode.c.objc; path = WEPopoverContentViewController.m; sourceTree = "<group>"; };
		6F01F9DE15E625DB00EE321E /* popoverArrowDown.png */ = {isa = PBXFileReference; lastKnownFileType = image.png; path = popoverArrowDown.png; sourceTree = "<group>"; };
		6F01F9DF15E625DB00EE321E /* popoverArrowDown@2x.png */ = {isa = PBXFileReference; lastKnownFileType = image.png; path = "popoverArrowDown@2x.png"; sourceTree = "<group>"; };
		6F01F9E015E625DB00EE321E /* popoverArrowDownSimple.png */ = {isa = PBXFileReference; lastKnownFileType = image.png; path = popoverArrowDownSimple.png; sourceTree = "<group>"; };
		6F01F9E115E625DB00EE321E /* popoverArrowLeft.png */ = {isa = PBXFileReference; lastKnownFileType = image.png; path = popoverArrowLeft.png; sourceTree = "<group>"; };
		6F01F9E215E625DB00EE321E /* popoverArrowLeft@2x.png */ = {isa = PBXFileReference; lastKnownFileType = image.png; path = "popoverArrowLeft@2x.png"; sourceTree = "<group>"; };
		6F01F9E315E625DB00EE321E /* popoverArrowLeftSimple.png */ = {isa = PBXFileReference; lastKnownFileType = image.png; path = popoverArrowLeftSimple.png; sourceTree = "<group>"; };
		6F01F9E415E625DB00EE321E /* popoverArrowRight.png */ = {isa = PBXFileReference; lastKnownFileType = image.png; path = popoverArrowRight.png; sourceTree = "<group>"; };
		6F01F9E515E625DB00EE321E /* popoverArrowRight@2x.png */ = {isa = PBXFileReference; lastKnownFileType = image.png; path = "popoverArrowRight@2x.png"; sourceTree = "<group>"; };
		6F01F9E615E625DB00EE321E /* popoverArrowRightSimple.png */ = {isa = PBXFileReference; lastKnownFileType = image.png; path = popoverArrowRightSimple.png; sourceTree = "<group>"; };
		6F01F9E715E625DB00EE321E /* popoverArrowUp.png */ = {isa = PBXFileReference; lastKnownFileType = image.png; path = popoverArrowUp.png; sourceTree = "<group>"; };
		6F01F9E815E625DB00EE321E /* popoverArrowUp@2x.png */ = {isa = PBXFileReference; lastKnownFileType = image.png; path = "popoverArrowUp@2x.png"; sourceTree = "<group>"; };
		6F01F9E915E625DB00EE321E /* popoverArrowUpSimple.png */ = {isa = PBXFileReference; lastKnownFileType = image.png; path = popoverArrowUpSimple.png; sourceTree = "<group>"; };
		6F01F9EA15E625DB00EE321E /* popoverBg.png */ = {isa = PBXFileReference; lastKnownFileType = image.png; path = popoverBg.png; sourceTree = "<group>"; };
		6F01F9EB15E625DB00EE321E /* popoverBg@2x.png */ = {isa = PBXFileReference; lastKnownFileType = image.png; path = "popoverBg@2x.png"; sourceTree = "<group>"; };
		6F01F9EC15E625DB00EE321E /* popoverBgSimple.png */ = {isa = PBXFileReference; lastKnownFileType = image.png; path = popoverBgSimple.png; sourceTree = "<group>"; };
		6F01FA0615E63F9100EE321E /* Provider.png */ = {isa = PBXFileReference; lastKnownFileType = image.png; path = Provider.png; sourceTree = "<group>"; };
		6F420CE715C662F100319B83 /* Default.png */ = {isa = PBXFileReference; lastKnownFileType = image.png; path = Default.png; sourceTree = "<group>"; };
		6F420CFF15C68F5500319B83 /* about.png */ = {isa = PBXFileReference; lastKnownFileType = image.png; path = about.png; sourceTree = "<group>"; };
		6FA3253515DCE8F600C1CD32 /* Data.plist */ = {isa = PBXFileReference; fileEncoding = 4; lastKnownFileType = text.plist.xml; name = Data.plist; path = SGN_Movie_v2/Data.plist; sourceTree = SOURCE_ROOT; };
		6FC7847A15C27AA300A18A34 /* IIViewDeckController.h */ = {isa = PBXFileReference; fileEncoding = 4; lastKnownFileType = sourcecode.c.h; path = IIViewDeckController.h; sourceTree = "<group>"; };
		6FC7847B15C27AA300A18A34 /* IIViewDeckController.m */ = {isa = PBXFileReference; fileEncoding = 4; lastKnownFileType = sourcecode.c.objc; path = IIViewDeckController.m; sourceTree = "<group>"; };
		6FC7847C15C27AA300A18A34 /* WrapController.h */ = {isa = PBXFileReference; fileEncoding = 4; lastKnownFileType = sourcecode.c.h; path = WrapController.h; sourceTree = "<group>"; };
		6FC7847D15C27AA300A18A34 /* WrapController.m */ = {isa = PBXFileReference; fileEncoding = 4; lastKnownFileType = sourcecode.c.objc; path = WrapController.m; sourceTree = "<group>"; };
		6FE28E6415C78A6F00BB7A4E /* QuartzCore.framework */ = {isa = PBXFileReference; lastKnownFileType = wrapper.framework; name = QuartzCore.framework; path = System/Library/Frameworks/QuartzCore.framework; sourceTree = SDKROOT; };
		6FE28E6715C7B38100BB7A4E /* MediaPlayer.framework */ = {isa = PBXFileReference; lastKnownFileType = wrapper.framework; name = MediaPlayer.framework; path = System/Library/Frameworks/MediaPlayer.framework; sourceTree = SDKROOT; };
		6FE28E8015C7BD0D00BB7A4E /* AVFoundation.framework */ = {isa = PBXFileReference; lastKnownFileType = wrapper.framework; name = AVFoundation.framework; path = System/Library/Frameworks/AVFoundation.framework; sourceTree = SDKROOT; };
		6FE32C1615D2177300F344E0 /* MapKitDisplayController.h */ = {isa = PBXFileReference; fileEncoding = 4; lastKnownFileType = sourcecode.c.h; name = MapKitDisplayController.h; path = SGN_Movie_v2/iPhone/Controllers/Map/MapKitDisplayController.h; sourceTree = SOURCE_ROOT; };
		6FE32C1715D2177300F344E0 /* MapKitDisplayController.m */ = {isa = PBXFileReference; fileEncoding = 4; lastKnownFileType = sourcecode.c.objc; name = MapKitDisplayController.m; path = SGN_Movie_v2/iPhone/Controllers/Map/MapKitDisplayController.m; sourceTree = SOURCE_ROOT; };
		6FFA716F15E733D6000A214D /* CheckIcon.png */ = {isa = PBXFileReference; lastKnownFileType = image.png; path = CheckIcon.png; sourceTree = "<group>"; };
		6FFEEE9A15E3953800322710 /* Icon.png */ = {isa = PBXFileReference; lastKnownFileType = image.png; path = Icon.png; sourceTree = "<group>"; };
		6FFEEE9B15E3953800322710 /* Icon@2x.png */ = {isa = PBXFileReference; lastKnownFileType = image.png; path = "Icon@2x.png"; sourceTree = "<group>"; };
		6FFFC0D115CF614B003D9326 /* LBYouTubePlayerController.h */ = {isa = PBXFileReference; fileEncoding = 4; lastKnownFileType = sourcecode.c.h; path = LBYouTubePlayerController.h; sourceTree = "<group>"; };
		6FFFC0D215CF614B003D9326 /* LBYouTubePlayerController.m */ = {isa = PBXFileReference; fileEncoding = 4; lastKnownFileType = sourcecode.c.objc; path = LBYouTubePlayerController.m; sourceTree = "<group>"; };
		6FFFC0D315CF614B003D9326 /* LBYouTubePlayerViewController.h */ = {isa = PBXFileReference; fileEncoding = 4; lastKnownFileType = sourcecode.c.h; path = LBYouTubePlayerViewController.h; sourceTree = "<group>"; };
		6FFFC0D415CF614B003D9326 /* LBYouTubePlayerViewController.m */ = {isa = PBXFileReference; fileEncoding = 4; lastKnownFileType = sourcecode.c.objc; path = LBYouTubePlayerViewController.m; sourceTree = "<group>"; };
		6FFFC0D915CF669E003D9326 /* TrailerController.h */ = {isa = PBXFileReference; fileEncoding = 4; lastKnownFileType = sourcecode.c.h; name = TrailerController.h; path = ../../../SGN_Movie_v2/iPhone/Controllers/Trailer/TrailerController.h; sourceTree = "<group>"; };
		6FFFC0DA15CF669E003D9326 /* TrailerController.m */ = {isa = PBXFileReference; fileEncoding = 4; lastKnownFileType = sourcecode.c.objc; name = TrailerController.m; path = ../../../SGN_Movie_v2/iPhone/Controllers/Trailer/TrailerController.m; sourceTree = "<group>"; };
		6FFFC0DB15CF669E003D9326 /* TrailerView.xib */ = {isa = PBXFileReference; fileEncoding = 4; lastKnownFileType = file.xib; name = TrailerView.xib; path = ../../../SGN_Movie_v2/iPhone/Controllers/Trailer/TrailerView.xib; sourceTree = "<group>"; };
		6FFFC0FE15CF9E71003D9326 /* MapKit.framework */ = {isa = PBXFileReference; lastKnownFileType = wrapper.framework; name = MapKit.framework; path = System/Library/Frameworks/MapKit.framework; sourceTree = SDKROOT; };
		6FFFC11A15CFA73C003D9326 /* DisplayMap.h */ = {isa = PBXFileReference; fileEncoding = 4; lastKnownFileType = sourcecode.c.h; name = DisplayMap.h; path = SGN_Movie_v2/Shared/Libs/DisplayMap/DisplayMap.h; sourceTree = SOURCE_ROOT; };
		6FFFC11B15CFA73C003D9326 /* DisplayMap.m */ = {isa = PBXFileReference; fileEncoding = 4; lastKnownFileType = sourcecode.c.objc; name = DisplayMap.m; path = SGN_Movie_v2/Shared/Libs/DisplayMap/DisplayMap.m; sourceTree = SOURCE_ROOT; };
		6FFFC11D15CFA7A1003D9326 /* MapKitDisplayView.xib */ = {isa = PBXFileReference; fileEncoding = 4; lastKnownFileType = file.xib; path = MapKitDisplayView.xib; sourceTree = "<group>"; };
		F38DA8F315D8F05300C40810 /* CoreData.framework */ = {isa = PBXFileReference; lastKnownFileType = wrapper.framework; name = CoreData.framework; path = System/Library/Frameworks/CoreData.framework; sourceTree = SDKROOT; };
		F38DA92B15D91CD300C40810 /* DataService.h */ = {isa = PBXFileReference; fileEncoding = 4; lastKnownFileType = sourcecode.c.h; path = DataService.h; sourceTree = "<group>"; };
		F38DA92C15D91CD300C40810 /* DataService.m */ = {isa = PBXFileReference; fileEncoding = 4; lastKnownFileType = sourcecode.c.objc; path = DataService.m; sourceTree = "<group>"; };
		F38DA93715D91CD300C40810 /* SGN_Movie.xcdatamodel */ = {isa = PBXFileReference; lastKnownFileType = wrapper.xcdatamodel; path = SGN_Movie.xcdatamodel; sourceTree = "<group>"; };
		F38DA94215D91D2D00C40810 /* Repository.h */ = {isa = PBXFileReference; fileEncoding = 4; lastKnownFileType = sourcecode.c.h; path = Repository.h; sourceTree = "<group>"; };
		F3951C1715CFC52C00BCF4D8 /* ShowTimesView.xib */ = {isa = PBXFileReference; fileEncoding = 4; lastKnownFileType = file.xib; path = ShowTimesView.xib; sourceTree = "<group>"; };
		F3951C4F15CFD72800BCF4D8 /* SGNComboView.h */ = {isa = PBXFileReference; fileEncoding = 4; lastKnownFileType = sourcecode.c.h; path = SGNComboView.h; sourceTree = "<group>"; };
		F3951C5015CFD72800BCF4D8 /* SGNComboView.m */ = {isa = PBXFileReference; fileEncoding = 4; lastKnownFileType = sourcecode.c.objc; path = SGNComboView.m; sourceTree = "<group>"; };
		F3951C5215CFD73F00BCF4D8 /* SGNComboView.xib */ = {isa = PBXFileReference; fileEncoding = 4; lastKnownFileType = file.xib; path = SGNComboView.xib; sourceTree = "<group>"; };
		F397E66F15C159A100A92874 /* SGN_MOVIE_v2.app */ = {isa = PBXFileReference; explicitFileType = wrapper.application; includeInIndex = 0; path = SGN_MOVIE_v2.app; sourceTree = BUILT_PRODUCTS_DIR; };
		F397E67315C159A100A92874 /* UIKit.framework */ = {isa = PBXFileReference; lastKnownFileType = wrapper.framework; name = UIKit.framework; path = System/Library/Frameworks/UIKit.framework; sourceTree = SDKROOT; };
		F397E67515C159A100A92874 /* Foundation.framework */ = {isa = PBXFileReference; lastKnownFileType = wrapper.framework; name = Foundation.framework; path = System/Library/Frameworks/Foundation.framework; sourceTree = SDKROOT; };
		F397E67715C159A100A92874 /* CoreGraphics.framework */ = {isa = PBXFileReference; lastKnownFileType = wrapper.framework; name = CoreGraphics.framework; path = System/Library/Frameworks/CoreGraphics.framework; sourceTree = SDKROOT; };
		F397E67B15C159A100A92874 /* SGN_MOVIE_v2-Info.plist */ = {isa = PBXFileReference; lastKnownFileType = text.plist.xml; path = "SGN_MOVIE_v2-Info.plist"; sourceTree = "<group>"; };
		F397E67D15C159A100A92874 /* en */ = {isa = PBXFileReference; lastKnownFileType = text.plist.strings; name = en; path = en.lproj/InfoPlist.strings; sourceTree = "<group>"; };
		F397E67F15C159A100A92874 /* main.m */ = {isa = PBXFileReference; lastKnownFileType = sourcecode.c.objc; path = main.m; sourceTree = "<group>"; };
		F397E68115C159A100A92874 /* SGN_MOVIE_v2-Prefix.pch */ = {isa = PBXFileReference; lastKnownFileType = sourcecode.c.h; path = "SGN_MOVIE_v2-Prefix.pch"; sourceTree = "<group>"; };
		F397E69315C15B3D00A92874 /* AppDelegate.h */ = {isa = PBXFileReference; fileEncoding = 4; lastKnownFileType = sourcecode.c.h; path = AppDelegate.h; sourceTree = "<group>"; };
		F397E69415C15B3D00A92874 /* AppDelegate.m */ = {isa = PBXFileReference; fileEncoding = 4; lastKnownFileType = sourcecode.c.objc; path = AppDelegate.m; sourceTree = "<group>"; };
		F397E6AA15C15C0700A92874 /* Background7.jpg */ = {isa = PBXFileReference; lastKnownFileType = image.jpeg; path = Background7.jpg; sourceTree = "<group>"; };
		F397E6AB15C15C0700A92874 /* Background8.jpg */ = {isa = PBXFileReference; lastKnownFileType = image.jpeg; path = Background8.jpg; sourceTree = "<group>"; };
		F397E6AC15C15C0700A92874 /* Menu.png */ = {isa = PBXFileReference; lastKnownFileType = image.png; path = Menu.png; sourceTree = "<group>"; };
		F397E6AD15C15C0700A92874 /* movie.png */ = {isa = PBXFileReference; lastKnownFileType = image.png; path = movie.png; sourceTree = "<group>"; };
		F397E6AE15C15C0700A92874 /* widescreen.png */ = {isa = PBXFileReference; lastKnownFileType = image.png; path = widescreen.png; sourceTree = "<group>"; };
		F397E6BA15C15CEB00A92874 /* AFHTTPClient.h */ = {isa = PBXFileReference; fileEncoding = 4; lastKnownFileType = sourcecode.c.h; path = AFHTTPClient.h; sourceTree = "<group>"; };
		F397E6BB15C15CEB00A92874 /* AFHTTPClient.m */ = {isa = PBXFileReference; fileEncoding = 4; lastKnownFileType = sourcecode.c.objc; path = AFHTTPClient.m; sourceTree = "<group>"; };
		F397E6BC15C15CEB00A92874 /* AFHTTPRequestOperation.h */ = {isa = PBXFileReference; fileEncoding = 4; lastKnownFileType = sourcecode.c.h; path = AFHTTPRequestOperation.h; sourceTree = "<group>"; };
		F397E6BD15C15CEB00A92874 /* AFHTTPRequestOperation.m */ = {isa = PBXFileReference; fileEncoding = 4; lastKnownFileType = sourcecode.c.objc; path = AFHTTPRequestOperation.m; sourceTree = "<group>"; };
		F397E6BE15C15CEB00A92874 /* AFImageRequestOperation.h */ = {isa = PBXFileReference; fileEncoding = 4; lastKnownFileType = sourcecode.c.h; path = AFImageRequestOperation.h; sourceTree = "<group>"; };
		F397E6BF15C15CEB00A92874 /* AFImageRequestOperation.m */ = {isa = PBXFileReference; fileEncoding = 4; lastKnownFileType = sourcecode.c.objc; path = AFImageRequestOperation.m; sourceTree = "<group>"; };
		F397E6C015C15CEB00A92874 /* AFJSONRequestOperation.h */ = {isa = PBXFileReference; fileEncoding = 4; lastKnownFileType = sourcecode.c.h; path = AFJSONRequestOperation.h; sourceTree = "<group>"; };
		F397E6C115C15CEB00A92874 /* AFJSONRequestOperation.m */ = {isa = PBXFileReference; fileEncoding = 4; lastKnownFileType = sourcecode.c.objc; path = AFJSONRequestOperation.m; sourceTree = "<group>"; };
		F397E6C215C15CEB00A92874 /* AFJSONUtilities.h */ = {isa = PBXFileReference; fileEncoding = 4; lastKnownFileType = sourcecode.c.h; path = AFJSONUtilities.h; sourceTree = "<group>"; };
		F397E6C315C15CEB00A92874 /* AFJSONUtilities.m */ = {isa = PBXFileReference; fileEncoding = 4; lastKnownFileType = sourcecode.c.objc; path = AFJSONUtilities.m; sourceTree = "<group>"; };
		F397E6C415C15CEB00A92874 /* AFNetworkActivityIndicatorManager.h */ = {isa = PBXFileReference; fileEncoding = 4; lastKnownFileType = sourcecode.c.h; path = AFNetworkActivityIndicatorManager.h; sourceTree = "<group>"; };
		F397E6C515C15CEB00A92874 /* AFNetworkActivityIndicatorManager.m */ = {isa = PBXFileReference; fileEncoding = 4; lastKnownFileType = sourcecode.c.objc; path = AFNetworkActivityIndicatorManager.m; sourceTree = "<group>"; };
		F397E6C615C15CEB00A92874 /* AFNetworking.h */ = {isa = PBXFileReference; fileEncoding = 4; lastKnownFileType = sourcecode.c.h; path = AFNetworking.h; sourceTree = "<group>"; };
		F397E6C715C15CEB00A92874 /* AFPropertyListRequestOperation.h */ = {isa = PBXFileReference; fileEncoding = 4; lastKnownFileType = sourcecode.c.h; path = AFPropertyListRequestOperation.h; sourceTree = "<group>"; };
		F397E6C815C15CEB00A92874 /* AFPropertyListRequestOperation.m */ = {isa = PBXFileReference; fileEncoding = 4; lastKnownFileType = sourcecode.c.objc; path = AFPropertyListRequestOperation.m; sourceTree = "<group>"; };
		F397E6C915C15CEB00A92874 /* AFURLConnectionOperation.h */ = {isa = PBXFileReference; fileEncoding = 4; lastKnownFileType = sourcecode.c.h; path = AFURLConnectionOperation.h; sourceTree = "<group>"; };
		F397E6CA15C15CEB00A92874 /* AFURLConnectionOperation.m */ = {isa = PBXFileReference; fileEncoding = 4; lastKnownFileType = sourcecode.c.objc; path = AFURLConnectionOperation.m; sourceTree = "<group>"; };
		F397E6CB15C15CEB00A92874 /* AFXMLRequestOperation.h */ = {isa = PBXFileReference; fileEncoding = 4; lastKnownFileType = sourcecode.c.h; path = AFXMLRequestOperation.h; sourceTree = "<group>"; };
		F397E6CC15C15CEB00A92874 /* AFXMLRequestOperation.m */ = {isa = PBXFileReference; fileEncoding = 4; lastKnownFileType = sourcecode.c.objc; path = AFXMLRequestOperation.m; sourceTree = "<group>"; };
		F397E6CD15C15CEB00A92874 /* UIImageView+AFNetworking.h */ = {isa = PBXFileReference; fileEncoding = 4; lastKnownFileType = sourcecode.c.h; path = "UIImageView+AFNetworking.h"; sourceTree = "<group>"; };
		F397E6CE15C15CEB00A92874 /* UIImageView+AFNetworking.m */ = {isa = PBXFileReference; fileEncoding = 4; lastKnownFileType = sourcecode.c.objc; path = "UIImageView+AFNetworking.m"; sourceTree = "<group>"; };
		F397E6F815C15D3600A92874 /* HJCircularBuffer.h */ = {isa = PBXFileReference; fileEncoding = 4; lastKnownFileType = sourcecode.c.h; path = HJCircularBuffer.h; sourceTree = "<group>"; };
		F397E6F915C15D3600A92874 /* HJCircularBuffer.m */ = {isa = PBXFileReference; fileEncoding = 4; lastKnownFileType = sourcecode.c.objc; path = HJCircularBuffer.m; sourceTree = "<group>"; };
		F397E6FA15C15D3600A92874 /* HJManagedImageV.h */ = {isa = PBXFileReference; fileEncoding = 4; lastKnownFileType = sourcecode.c.h; path = HJManagedImageV.h; sourceTree = "<group>"; };
		F397E6FB15C15D3600A92874 /* HJManagedImageV.m */ = {isa = PBXFileReference; fileEncoding = 4; lastKnownFileType = sourcecode.c.objc; path = HJManagedImageV.m; sourceTree = "<group>"; };
		F397E6FC15C15D3600A92874 /* HJManagedImageVDelegate.h */ = {isa = PBXFileReference; fileEncoding = 4; lastKnownFileType = sourcecode.c.h; path = HJManagedImageVDelegate.h; sourceTree = "<group>"; };
		F397E6FD15C15D3600A92874 /* HJMOBigFileCache.h */ = {isa = PBXFileReference; fileEncoding = 4; lastKnownFileType = sourcecode.c.h; path = HJMOBigFileCache.h; sourceTree = "<group>"; };
		F397E6FE15C15D3600A92874 /* HJMOBigFileCache.m */ = {isa = PBXFileReference; fileEncoding = 4; lastKnownFileType = sourcecode.c.objc; path = HJMOBigFileCache.m; sourceTree = "<group>"; };
		F397E6FF15C15D3600A92874 /* HJMOFileCache.h */ = {isa = PBXFileReference; fileEncoding = 4; lastKnownFileType = sourcecode.c.h; path = HJMOFileCache.h; sourceTree = "<group>"; };
		F397E70015C15D3600A92874 /* HJMOFileCache.m */ = {isa = PBXFileReference; fileEncoding = 4; lastKnownFileType = sourcecode.c.objc; path = HJMOFileCache.m; sourceTree = "<group>"; };
		F397E70115C15D3600A92874 /* HJMOHandler.h */ = {isa = PBXFileReference; fileEncoding = 4; lastKnownFileType = sourcecode.c.h; path = HJMOHandler.h; sourceTree = "<group>"; };
		F397E70215C15D3600A92874 /* HJMOHandler.m */ = {isa = PBXFileReference; fileEncoding = 4; lastKnownFileType = sourcecode.c.objc; path = HJMOHandler.m; sourceTree = "<group>"; };
		F397E70315C15D3600A92874 /* HJMOPolicy.h */ = {isa = PBXFileReference; fileEncoding = 4; lastKnownFileType = sourcecode.c.h; path = HJMOPolicy.h; sourceTree = "<group>"; };
		F397E70415C15D3600A92874 /* HJMOPolicy.m */ = {isa = PBXFileReference; fileEncoding = 4; lastKnownFileType = sourcecode.c.objc; path = HJMOPolicy.m; sourceTree = "<group>"; };
		F397E70515C15D3600A92874 /* HJMOUser.h */ = {isa = PBXFileReference; fileEncoding = 4; lastKnownFileType = sourcecode.c.h; path = HJMOUser.h; sourceTree = "<group>"; };
		F397E70615C15D3600A92874 /* HJMOUserBase.h */ = {isa = PBXFileReference; fileEncoding = 4; lastKnownFileType = sourcecode.c.h; path = HJMOUserBase.h; sourceTree = "<group>"; };
		F397E70715C15D3600A92874 /* HJMOUserBase.m */ = {isa = PBXFileReference; fileEncoding = 4; lastKnownFileType = sourcecode.c.objc; path = HJMOUserBase.m; sourceTree = "<group>"; };
		F397E70815C15D3600A92874 /* HJObjManager.h */ = {isa = PBXFileReference; fileEncoding = 4; lastKnownFileType = sourcecode.c.h; path = HJObjManager.h; sourceTree = "<group>"; };
		F397E70915C15D3600A92874 /* HJObjManager.m */ = {isa = PBXFileReference; fileEncoding = 4; lastKnownFileType = sourcecode.c.objc; path = HJObjManager.m; sourceTree = "<group>"; };
		F397E70A15C15D3600A92874 /* HJWeakMutableArray.h */ = {isa = PBXFileReference; fileEncoding = 4; lastKnownFileType = sourcecode.c.h; path = HJWeakMutableArray.h; sourceTree = "<group>"; };
		F397E70B15C15D3600A92874 /* HJWeakMutableArray.m */ = {isa = PBXFileReference; fileEncoding = 4; lastKnownFileType = sourcecode.c.objc; path = HJWeakMutableArray.m; sourceTree = "<group>"; };
		F397E71F15C1604400A92874 /* HJCache.h */ = {isa = PBXFileReference; fileEncoding = 4; lastKnownFileType = sourcecode.c.h; path = HJCache.h; sourceTree = "<group>"; };
		F397E72015C1604400A92874 /* HJCache.m */ = {isa = PBXFileReference; fileEncoding = 4; lastKnownFileType = sourcecode.c.objc; path = HJCache.m; sourceTree = "<group>"; };
		F39FDF7B15EB8413004A3A59 /* Cinema.h */ = {isa = PBXFileReference; fileEncoding = 4; lastKnownFileType = sourcecode.c.h; path = Cinema.h; sourceTree = "<group>"; };
		F39FDF7C15EB8413004A3A59 /* Cinema.m */ = {isa = PBXFileReference; fileEncoding = 4; lastKnownFileType = sourcecode.c.objc; path = Cinema.m; sourceTree = "<group>"; };
		F39FDF7E15EB8414004A3A59 /* Provider.h */ = {isa = PBXFileReference; fileEncoding = 4; lastKnownFileType = sourcecode.c.h; path = Provider.h; sourceTree = "<group>"; };
		F39FDF7F15EB8414004A3A59 /* Provider.m */ = {isa = PBXFileReference; fileEncoding = 4; lastKnownFileType = sourcecode.c.objc; path = Provider.m; sourceTree = "<group>"; };
		F39FDF8115EB8414004A3A59 /* Sessiontime.h */ = {isa = PBXFileReference; fileEncoding = 4; lastKnownFileType = sourcecode.c.h; path = Sessiontime.h; sourceTree = "<group>"; };
		F39FDF8215EB8414004A3A59 /* Sessiontime.m */ = {isa = PBXFileReference; fileEncoding = 4; lastKnownFileType = sourcecode.c.objc; path = Sessiontime.m; sourceTree = "<group>"; };
		F39FDF8415EB8415004A3A59 /* Movie.h */ = {isa = PBXFileReference; fileEncoding = 4; lastKnownFileType = sourcecode.c.h; path = Movie.h; sourceTree = "<group>"; };
		F39FDF8515EB8415004A3A59 /* Movie.m */ = {isa = PBXFileReference; fileEncoding = 4; lastKnownFileType = sourcecode.c.objc; path = Movie.m; sourceTree = "<group>"; };
		F39FDF8815EB8D1C004A3A59 /* SGNManagedObject.h */ = {isa = PBXFileReference; fileEncoding = 4; lastKnownFileType = sourcecode.c.h; path = SGNManagedObject.h; sourceTree = "<group>"; };
		F39FDF8915EB8D1C004A3A59 /* SGNManagedObject.m */ = {isa = PBXFileReference; fileEncoding = 4; lastKnownFileType = sourcecode.c.objc; path = SGNManagedObject.m; sourceTree = "<group>"; };
		F3A7EB6E15CBAC73006876BC /* CinemaDetailView.xib */ = {isa = PBXFileReference; fileEncoding = 4; lastKnownFileType = file.xib; path = CinemaDetailView.xib; sourceTree = "<group>"; };
		F3A7EB7015CBAC84006876BC /* CinemaDetailController.h */ = {isa = PBXFileReference; fileEncoding = 4; lastKnownFileType = sourcecode.c.h; path = CinemaDetailController.h; sourceTree = "<group>"; };
		F3A7EB7115CBAC84006876BC /* CinemaDetailController.m */ = {isa = PBXFileReference; fileEncoding = 4; lastKnownFileType = sourcecode.c.objc; path = CinemaDetailController.m; sourceTree = "<group>"; };
		F3B1007B15DBA07A00F67674 /* Repository.m */ = {isa = PBXFileReference; fileEncoding = 4; lastKnownFileType = sourcecode.c.objc; path = Repository.m; sourceTree = "<group>"; };
		F3B7529115D240E800D29207 /* SGNCustomPopup.h */ = {isa = PBXFileReference; fileEncoding = 4; lastKnownFileType = sourcecode.c.h; path = SGNCustomPopup.h; sourceTree = "<group>"; };
		F3B7529215D240E800D29207 /* SGNCustomPopup.m */ = {isa = PBXFileReference; fileEncoding = 4; lastKnownFileType = sourcecode.c.objc; path = SGNCustomPopup.m; sourceTree = "<group>"; };
		F3B7529315D240E800D29207 /* SGNCustomPopup.xib */ = {isa = PBXFileReference; fileEncoding = 4; lastKnownFileType = file.xib; path = SGNCustomPopup.xib; sourceTree = "<group>"; };
		F3C24E3915C8027B0077C801 /* AboutController.h */ = {isa = PBXFileReference; fileEncoding = 4; lastKnownFileType = sourcecode.c.h; path = AboutController.h; sourceTree = "<group>"; };
		F3C24E3A15C8027B0077C801 /* AboutController.m */ = {isa = PBXFileReference; fileEncoding = 4; lastKnownFileType = sourcecode.c.objc; path = AboutController.m; sourceTree = "<group>"; };
		F3C24E3C15C8027B0077C801 /* MovieDetailController.h */ = {isa = PBXFileReference; fileEncoding = 4; lastKnownFileType = sourcecode.c.h; path = MovieDetailController.h; sourceTree = "<group>"; };
		F3C24E3D15C8027B0077C801 /* MovieDetailController.m */ = {isa = PBXFileReference; fileEncoding = 4; lastKnownFileType = sourcecode.c.objc; path = MovieDetailController.m; sourceTree = "<group>"; };
		F3C24E3F15C8027B0077C801 /* CinemasController.h */ = {isa = PBXFileReference; fileEncoding = 4; lastKnownFileType = sourcecode.c.h; path = CinemasController.h; sourceTree = "<group>"; };
		F3C24E4015C8027B0077C801 /* CinemasController.m */ = {isa = PBXFileReference; fileEncoding = 4; lastKnownFileType = sourcecode.c.objc; path = CinemasController.m; sourceTree = "<group>"; };
		F3C24E4215C8027B0077C801 /* MoviesController.h */ = {isa = PBXFileReference; fileEncoding = 4; lastKnownFileType = sourcecode.c.h; path = MoviesController.h; sourceTree = "<group>"; };
		F3C24E4315C8027B0077C801 /* MoviesController.m */ = {isa = PBXFileReference; fileEncoding = 4; lastKnownFileType = sourcecode.c.objc; path = MoviesController.m; sourceTree = "<group>"; };
		F3C24E4515C8027B0077C801 /* MenuController.h */ = {isa = PBXFileReference; fileEncoding = 4; lastKnownFileType = sourcecode.c.h; path = MenuController.h; sourceTree = "<group>"; };
		F3C24E4615C8027B0077C801 /* MenuController.m */ = {isa = PBXFileReference; fileEncoding = 4; lastKnownFileType = sourcecode.c.objc; path = MenuController.m; sourceTree = "<group>"; };
		F3C24E4915C8027B0077C801 /* MovieDetailView.xib */ = {isa = PBXFileReference; fileEncoding = 4; lastKnownFileType = file.xib; path = MovieDetailView.xib; sourceTree = "<group>"; };
		F3C24E4C15C8027B0077C801 /* SGNCinemasListCell.h */ = {isa = PBXFileReference; fileEncoding = 4; lastKnownFileType = sourcecode.c.h; path = SGNCinemasListCell.h; sourceTree = "<group>"; };
		F3C24E4D15C8027B0077C801 /* SGNCinemasListCell.m */ = {isa = PBXFileReference; fileEncoding = 4; lastKnownFileType = sourcecode.c.objc; path = SGNCinemasListCell.m; sourceTree = "<group>"; };
		F3C24E4E15C8027B0077C801 /* SGNCinemasListCell.xib */ = {isa = PBXFileReference; fileEncoding = 4; lastKnownFileType = file.xib; path = SGNCinemasListCell.xib; sourceTree = "<group>"; };
		F3C24E5015C8027B0077C801 /* MoviesView.xib */ = {isa = PBXFileReference; fileEncoding = 4; lastKnownFileType = file.xib; path = MoviesView.xib; sourceTree = "<group>"; };
		F3C24E5215C8027B0077C801 /* MenuView.xib */ = {isa = PBXFileReference; fileEncoding = 4; lastKnownFileType = file.xib; path = MenuView.xib; sourceTree = "<group>"; };
		F3C24E5E15C802ED0077C801 /* CinemasView.xib */ = {isa = PBXFileReference; fileEncoding = 4; lastKnownFileType = file.xib; path = CinemasView.xib; sourceTree = "<group>"; };
		F3DDF9A315C2753500A47C57 /* JSONKit.h */ = {isa = PBXFileReference; fileEncoding = 4; lastKnownFileType = sourcecode.c.h; path = JSONKit.h; sourceTree = "<group>"; };
		F3DDF9A415C2753500A47C57 /* JSONKit.m */ = {isa = PBXFileReference; fileEncoding = 4; lastKnownFileType = sourcecode.c.objc; path = JSONKit.m; sourceTree = "<group>"; };
		F3EFFF2C15E4F4EB00B4A2DD /* ShowTimesController.m */ = {isa = PBXFileReference; fileEncoding = 4; lastKnownFileType = sourcecode.c.objc; path = ShowTimesController.m; sourceTree = "<group>"; };
		F3EFFF2E15E4F4F700B4A2DD /* ShowTimesController.h */ = {isa = PBXFileReference; fileEncoding = 4; lastKnownFileType = sourcecode.c.h; path = ShowTimesController.h; sourceTree = "<group>"; };
/* End PBXFileReference section */

/* Begin PBXFrameworksBuildPhase section */
		F397E66C15C159A100A92874 /* Frameworks */ = {
			isa = PBXFrameworksBuildPhase;
			buildActionMask = 2147483647;
			files = (
				F38DA8F415D8F05400C40810 /* CoreData.framework in Frameworks */,
				6FFFC0FF15CF9E71003D9326 /* MapKit.framework in Frameworks */,
				6FE28E8115C7BD0D00BB7A4E /* AVFoundation.framework in Frameworks */,
				6FE28E6815C7B38100BB7A4E /* MediaPlayer.framework in Frameworks */,
				6FE28E6515C78A6F00BB7A4E /* QuartzCore.framework in Frameworks */,
				F397E67415C159A100A92874 /* UIKit.framework in Frameworks */,
				F397E67615C159A100A92874 /* Foundation.framework in Frameworks */,
				F397E67815C159A100A92874 /* CoreGraphics.framework in Frameworks */,
			);
			runOnlyForDeploymentPostprocessing = 0;
		};
/* End PBXFrameworksBuildPhase section */

/* Begin PBXGroup section */
		6F01F9C615E620B800EE321E /* Popover */ = {
			isa = PBXGroup;
			children = (
				6F01F9C715E620B800EE321E /* UIBarButtonItem+WEPopover.h */,
				6F01F9C815E620B800EE321E /* UIBarButtonItem+WEPopover.m */,
				6F01F9C915E620B800EE321E /* WEPopoverContainerView.h */,
				6F01F9CA15E620B800EE321E /* WEPopoverContainerView.m */,
				6F01F9CB15E620B800EE321E /* WEPopoverController.h */,
				6F01F9CC15E620B800EE321E /* WEPopoverController.m */,
				6F01F9CD15E620B800EE321E /* WEPopoverParentView.h */,
				6F01F9CE15E620B800EE321E /* WETouchableView.h */,
				6F01F9CF15E620B800EE321E /* WETouchableView.m */,
			);
			path = Popover;
			sourceTree = "<group>";
		};
		6F01F9D715E6214500EE321E /* ProviderPickerController */ = {
			isa = PBXGroup;
			children = (
				6F01F9DB15E621B100EE321E /* WEPopoverContentViewController.h */,
				6F01F9DC15E621B100EE321E /* WEPopoverContentViewController.m */,
			);
			name = ProviderPickerController;
			path = SGN_Movie_v2/iPhone/Controllers/ProviderPickerController;
			sourceTree = SOURCE_ROOT;
		};
		6FC7847915C27AA300A18A34 /* ViewDeck */ = {
			isa = PBXGroup;
			children = (
				6FC7847A15C27AA300A18A34 /* IIViewDeckController.h */,
				6FC7847B15C27AA300A18A34 /* IIViewDeckController.m */,
				6FC7847C15C27AA300A18A34 /* WrapController.h */,
				6FC7847D15C27AA300A18A34 /* WrapController.m */,
			);
			path = ViewDeck;
			sourceTree = "<group>";
		};
		6FFFC0D015CF614B003D9326 /* LBYouTubePlayerController */ = {
			isa = PBXGroup;
			children = (
				6FFFC0D115CF614B003D9326 /* LBYouTubePlayerController.h */,
				6FFFC0D215CF614B003D9326 /* LBYouTubePlayerController.m */,
				6FFFC0D315CF614B003D9326 /* LBYouTubePlayerViewController.h */,
				6FFFC0D415CF614B003D9326 /* LBYouTubePlayerViewController.m */,
			);
			path = LBYouTubePlayerController;
			sourceTree = "<group>";
		};
		6FFFC0D815CF665D003D9326 /* Trailer */ = {
			isa = PBXGroup;
			children = (
				6FFFC0DB15CF669E003D9326 /* TrailerView.xib */,
			);
			name = Trailer;
			sourceTree = "<group>";
		};
		6FFFC0DE15CF66C1003D9326 /* Trailer */ = {
			isa = PBXGroup;
			children = (
				6FFFC0D915CF669E003D9326 /* TrailerController.h */,
				6FFFC0DA15CF669E003D9326 /* TrailerController.m */,
			);
			name = Trailer;
			sourceTree = "<group>";
		};
		6FFFC0F815CF9DC6003D9326 /* Map */ = {
			isa = PBXGroup;
			children = (
				6FFFC11D15CFA7A1003D9326 /* MapKitDisplayView.xib */,
			);
			name = Map;
			sourceTree = "<group>";
		};
		6FFFC11415CFA550003D9326 /* Map */ = {
			isa = PBXGroup;
			children = (
				6FE32C1615D2177300F344E0 /* MapKitDisplayController.h */,
				6FE32C1715D2177300F344E0 /* MapKitDisplayController.m */,
			);
			name = Map;
			sourceTree = "<group>";
		};
		6FFFC11915CFA6A5003D9326 /* DisplayMap */ = {
			isa = PBXGroup;
			children = (
				6FFFC11A15CFA73C003D9326 /* DisplayMap.h */,
				6FFFC11B15CFA73C003D9326 /* DisplayMap.m */,
			);
			name = DisplayMap;
			sourceTree = "<group>";
		};
		F35E733315CA40910030D161 /* Detail Cinema */ = {
			isa = PBXGroup;
			children = (
				F3A7EB7015CBAC84006876BC /* CinemaDetailController.h */,
				F3A7EB7115CBAC84006876BC /* CinemaDetailController.m */,
			);
			path = "Detail Cinema";
			sourceTree = "<group>";
		};
		F35E733815CA40A30030D161 /* Detail Cinema */ = {
			isa = PBXGroup;
			children = (
				F3A7EB6E15CBAC73006876BC /* CinemaDetailView.xib */,
			);
			path = "Detail Cinema";
			sourceTree = "<group>";
		};
		F38DA92A15D91CD300C40810 /* DataSerivce */ = {
			isa = PBXGroup;
			children = (
				F38DA92B15D91CD300C40810 /* DataService.h */,
				F38DA92C15D91CD300C40810 /* DataService.m */,
			);
			path = DataSerivce;
			sourceTree = "<group>";
		};
		F38DA92D15D91CD300C40810 /* Entities */ = {
			isa = PBXGroup;
			children = (
				F39FDF7B15EB8413004A3A59 /* Cinema.h */,
				F39FDF7C15EB8413004A3A59 /* Cinema.m */,
				F39FDF8415EB8415004A3A59 /* Movie.h */,
				F39FDF8515EB8415004A3A59 /* Movie.m */,
				F39FDF7E15EB8414004A3A59 /* Provider.h */,
				F39FDF7F15EB8414004A3A59 /* Provider.m */,
				F39FDF8115EB8414004A3A59 /* Sessiontime.h */,
				F39FDF8215EB8414004A3A59 /* Sessiontime.m */,
				F38DA93615D91CD300C40810 /* SGN_Movie.xcdatamodeld */,
			);
			path = Entities;
			sourceTree = "<group>";
		};
		F38DA93815D91CD300C40810 /* Repository */ = {
			isa = PBXGroup;
			children = (
				F38DA94215D91D2D00C40810 /* Repository.h */,
				F3B1007B15DBA07A00F67674 /* Repository.m */,
			);
			path = Repository;
			sourceTree = "<group>";
		};
		F3951C1115CFC4D200BCF4D8 /* Show Times */ = {
			isa = PBXGroup;
			children = (
				F3EFFF2E15E4F4F700B4A2DD /* ShowTimesController.h */,
				F3EFFF2C15E4F4EB00B4A2DD /* ShowTimesController.m */,
			);
			path = "Show Times";
			sourceTree = "<group>";
		};
		F3951C1315CFC4DF00BCF4D8 /* Show Times */ = {
			isa = PBXGroup;
			children = (
				F3951C1715CFC52C00BCF4D8 /* ShowTimesView.xib */,
				F3951C4F15CFD72800BCF4D8 /* SGNComboView.h */,
				F3951C5015CFD72800BCF4D8 /* SGNComboView.m */,
				F3951C5215CFD73F00BCF4D8 /* SGNComboView.xib */,
			);
			path = "Show Times";
			sourceTree = "<group>";
		};
		F397E66415C159A000A92874 = {
			isa = PBXGroup;
			children = (
				F38DA8F315D8F05300C40810 /* CoreData.framework */,
				F397E67915C159A100A92874 /* SGN_MOVIE_v2 */,
				F397E67215C159A100A92874 /* Frameworks */,
				F397E67015C159A100A92874 /* Products */,
			);
			sourceTree = "<group>";
		};
		F397E67015C159A100A92874 /* Products */ = {
			isa = PBXGroup;
			children = (
				F397E66F15C159A100A92874 /* SGN_MOVIE_v2.app */,
			);
			name = Products;
			sourceTree = "<group>";
		};
		F397E67215C159A100A92874 /* Frameworks */ = {
			isa = PBXGroup;
			children = (
				6FFFC0FE15CF9E71003D9326 /* MapKit.framework */,
				6FE28E8015C7BD0D00BB7A4E /* AVFoundation.framework */,
				6FE28E6715C7B38100BB7A4E /* MediaPlayer.framework */,
				6FE28E6415C78A6F00BB7A4E /* QuartzCore.framework */,
				F397E67315C159A100A92874 /* UIKit.framework */,
				F397E67515C159A100A92874 /* Foundation.framework */,
				F397E67715C159A100A92874 /* CoreGraphics.framework */,
			);
			name = Frameworks;
			sourceTree = "<group>";
		};
		F397E67915C159A100A92874 /* SGN_MOVIE_v2 */ = {
			isa = PBXGroup;
			children = (
				F397E69215C15B3D00A92874 /* iPhone */,
				F397E69A15C15B3D00A92874 /* Resource */,
				F397E69E15C15B3D00A92874 /* Shared */,
				F397E67A15C159A100A92874 /* Supporting Files */,
			);
			path = SGN_MOVIE_v2;
			sourceTree = "<group>";
		};
		F397E67A15C159A100A92874 /* Supporting Files */ = {
			isa = PBXGroup;
			children = (
				6FFEEE9A15E3953800322710 /* Icon.png */,
				6FFEEE9B15E3953800322710 /* Icon@2x.png */,
				F397E67B15C159A100A92874 /* SGN_MOVIE_v2-Info.plist */,
				F397E67C15C159A100A92874 /* InfoPlist.strings */,
				F397E67F15C159A100A92874 /* main.m */,
				F397E68115C159A100A92874 /* SGN_MOVIE_v2-Prefix.pch */,
				6FA3253515DCE8F600C1CD32 /* Data.plist */,
			);
			name = "Supporting Files";
			sourceTree = "<group>";
		};
		F397E69215C15B3D00A92874 /* iPhone */ = {
			isa = PBXGroup;
			children = (
				F3C89C6715D8D88900E4B28C /* Models */,
				F3C24E3715C8027B0077C801 /* Controllers */,
				F3C24E4715C8027B0077C801 /* Views */,
				F397E69315C15B3D00A92874 /* AppDelegate.h */,
				F397E69415C15B3D00A92874 /* AppDelegate.m */,
			);
			path = iPhone;
			sourceTree = "<group>";
		};
		F397E69A15C15B3D00A92874 /* Resource */ = {
			isa = PBXGroup;
			children = (
				F397E69B15C15B3D00A92874 /* images */,
				F397E69C15C15B3D00A92874 /* sounds */,
				F397E69D15C15B3D00A92874 /* videos */,
			);
			path = Resource;
			sourceTree = "<group>";
		};
		F397E69B15C15B3D00A92874 /* images */ = {
			isa = PBXGroup;
			children = (
				6FFA716F15E733D6000A214D /* CheckIcon.png */,
				6F01FA0615E63F9100EE321E /* Provider.png */,
				6F01F9DE15E625DB00EE321E /* popoverArrowDown.png */,
				6F01F9DF15E625DB00EE321E /* popoverArrowDown@2x.png */,
				6F01F9E015E625DB00EE321E /* popoverArrowDownSimple.png */,
				6F01F9E115E625DB00EE321E /* popoverArrowLeft.png */,
				6F01F9E215E625DB00EE321E /* popoverArrowLeft@2x.png */,
				6F01F9E315E625DB00EE321E /* popoverArrowLeftSimple.png */,
				6F01F9E415E625DB00EE321E /* popoverArrowRight.png */,
				6F01F9E515E625DB00EE321E /* popoverArrowRight@2x.png */,
				6F01F9E615E625DB00EE321E /* popoverArrowRightSimple.png */,
				6F01F9E715E625DB00EE321E /* popoverArrowUp.png */,
				6F01F9E815E625DB00EE321E /* popoverArrowUp@2x.png */,
				6F01F9E915E625DB00EE321E /* popoverArrowUpSimple.png */,
				6F01F9EA15E625DB00EE321E /* popoverBg.png */,
				6F01F9EB15E625DB00EE321E /* popoverBg@2x.png */,
				6F01F9EC15E625DB00EE321E /* popoverBgSimple.png */,
				6F420CFF15C68F5500319B83 /* about.png */,
				6F420CE715C662F100319B83 /* Default.png */,
				F397E6AA15C15C0700A92874 /* Background7.jpg */,
				F397E6AB15C15C0700A92874 /* Background8.jpg */,
				F397E6AC15C15C0700A92874 /* Menu.png */,
				F397E6AD15C15C0700A92874 /* movie.png */,
				F397E6AE15C15C0700A92874 /* widescreen.png */,
			);
			path = images;
			sourceTree = "<group>";
		};
		F397E69C15C15B3D00A92874 /* sounds */ = {
			isa = PBXGroup;
			children = (
			);
			path = sounds;
			sourceTree = "<group>";
		};
		F397E69D15C15B3D00A92874 /* videos */ = {
			isa = PBXGroup;
			children = (
			);
			path = videos;
			sourceTree = "<group>";
		};
		F397E69E15C15B3D00A92874 /* Shared */ = {
			isa = PBXGroup;
			children = (
				F3B7528F15D240E800D29207 /* Views */,
				F397E6B415C15C5700A92874 /* Libs */,
			);
			path = Shared;
			sourceTree = "<group>";
		};
		F397E6B415C15C5700A92874 /* Libs */ = {
			isa = PBXGroup;
			children = (
				F39FDF8715EB8D1C004A3A59 /* SGNManageObjectJSON */,
				6F01F9C615E620B800EE321E /* Popover */,
				6FFFC11915CFA6A5003D9326 /* DisplayMap */,
				6FFFC0D015CF614B003D9326 /* LBYouTubePlayerController */,
				6FC7847915C27AA300A18A34 /* ViewDeck */,
				F3DDF9A215C2753500A47C57 /* JSONKit */,
				F397E6F715C15D3600A92874 /* HJCache */,
				F397E6B915C15CEB00A92874 /* AFNetworking */,
			);
			path = Libs;
			sourceTree = "<group>";
		};
		F397E6B915C15CEB00A92874 /* AFNetworking */ = {
			isa = PBXGroup;
			children = (
				F397E6BA15C15CEB00A92874 /* AFHTTPClient.h */,
				F397E6BB15C15CEB00A92874 /* AFHTTPClient.m */,
				F397E6BC15C15CEB00A92874 /* AFHTTPRequestOperation.h */,
				F397E6BD15C15CEB00A92874 /* AFHTTPRequestOperation.m */,
				F397E6BE15C15CEB00A92874 /* AFImageRequestOperation.h */,
				F397E6BF15C15CEB00A92874 /* AFImageRequestOperation.m */,
				F397E6C015C15CEB00A92874 /* AFJSONRequestOperation.h */,
				F397E6C115C15CEB00A92874 /* AFJSONRequestOperation.m */,
				F397E6C215C15CEB00A92874 /* AFJSONUtilities.h */,
				F397E6C315C15CEB00A92874 /* AFJSONUtilities.m */,
				F397E6C415C15CEB00A92874 /* AFNetworkActivityIndicatorManager.h */,
				F397E6C515C15CEB00A92874 /* AFNetworkActivityIndicatorManager.m */,
				F397E6C615C15CEB00A92874 /* AFNetworking.h */,
				F397E6C715C15CEB00A92874 /* AFPropertyListRequestOperation.h */,
				F397E6C815C15CEB00A92874 /* AFPropertyListRequestOperation.m */,
				F397E6C915C15CEB00A92874 /* AFURLConnectionOperation.h */,
				F397E6CA15C15CEB00A92874 /* AFURLConnectionOperation.m */,
				F397E6CB15C15CEB00A92874 /* AFXMLRequestOperation.h */,
				F397E6CC15C15CEB00A92874 /* AFXMLRequestOperation.m */,
				F397E6CD15C15CEB00A92874 /* UIImageView+AFNetworking.h */,
				F397E6CE15C15CEB00A92874 /* UIImageView+AFNetworking.m */,
			);
			path = AFNetworking;
			sourceTree = "<group>";
		};
		F397E6F715C15D3600A92874 /* HJCache */ = {
			isa = PBXGroup;
			children = (
				F397E71F15C1604400A92874 /* HJCache.h */,
				F397E72015C1604400A92874 /* HJCache.m */,
				F397E6F815C15D3600A92874 /* HJCircularBuffer.h */,
				F397E6F915C15D3600A92874 /* HJCircularBuffer.m */,
				F397E6FA15C15D3600A92874 /* HJManagedImageV.h */,
				F397E6FB15C15D3600A92874 /* HJManagedImageV.m */,
				F397E6FC15C15D3600A92874 /* HJManagedImageVDelegate.h */,
				F397E6FD15C15D3600A92874 /* HJMOBigFileCache.h */,
				F397E6FE15C15D3600A92874 /* HJMOBigFileCache.m */,
				F397E6FF15C15D3600A92874 /* HJMOFileCache.h */,
				F397E70015C15D3600A92874 /* HJMOFileCache.m */,
				F397E70115C15D3600A92874 /* HJMOHandler.h */,
				F397E70215C15D3600A92874 /* HJMOHandler.m */,
				F397E70315C15D3600A92874 /* HJMOPolicy.h */,
				F397E70415C15D3600A92874 /* HJMOPolicy.m */,
				F397E70515C15D3600A92874 /* HJMOUser.h */,
				F397E70615C15D3600A92874 /* HJMOUserBase.h */,
				F397E70715C15D3600A92874 /* HJMOUserBase.m */,
				F397E70815C15D3600A92874 /* HJObjManager.h */,
				F397E70915C15D3600A92874 /* HJObjManager.m */,
				F397E70A15C15D3600A92874 /* HJWeakMutableArray.h */,
				F397E70B15C15D3600A92874 /* HJWeakMutableArray.m */,
			);
			path = HJCache;
			sourceTree = "<group>";
		};
		F39FDF8715EB8D1C004A3A59 /* SGNManageObjectJSON */ = {
			isa = PBXGroup;
			children = (
				F39FDF8815EB8D1C004A3A59 /* SGNManagedObject.h */,
				F39FDF8915EB8D1C004A3A59 /* SGNManagedObject.m */,
			);
			path = SGNManageObjectJSON;
			sourceTree = "<group>";
		};
		F3B7528F15D240E800D29207 /* Views */ = {
			isa = PBXGroup;
			children = (
				F3B7529015D240E800D29207 /* SGNCustomPopup */,
			);
			path = Views;
			sourceTree = "<group>";
		};
		F3B7529015D240E800D29207 /* SGNCustomPopup */ = {
			isa = PBXGroup;
			children = (
				F3B7529115D240E800D29207 /* SGNCustomPopup.h */,
				F3B7529215D240E800D29207 /* SGNCustomPopup.m */,
				F3B7529315D240E800D29207 /* SGNCustomPopup.xib */,
			);
			path = SGNCustomPopup;
			sourceTree = "<group>";
		};
		F3C24E3715C8027B0077C801 /* Controllers */ = {
			isa = PBXGroup;
			children = (
				6F01F9D715E6214500EE321E /* ProviderPickerController */,
				F3951C1115CFC4D200BCF4D8 /* Show Times */,
				6FFFC11415CFA550003D9326 /* Map */,
				6FFFC0DE15CF66C1003D9326 /* Trailer */,
				F35E733315CA40910030D161 /* Detail Cinema */,
				F3C24E3815C8027B0077C801 /* About */,
				F3C24E3B15C8027B0077C801 /* Detail Movie */,
				F3C24E3E15C8027B0077C801 /* List Cinemas */,
				F3C24E4115C8027B0077C801 /* List Movies */,
				F3C24E4415C8027B0077C801 /* Menu */,
			);
			path = Controllers;
			sourceTree = "<group>";
		};
		F3C24E3815C8027B0077C801 /* About */ = {
			isa = PBXGroup;
			children = (
				F3C24E3915C8027B0077C801 /* AboutController.h */,
				F3C24E3A15C8027B0077C801 /* AboutController.m */,
			);
			path = About;
			sourceTree = "<group>";
		};
		F3C24E3B15C8027B0077C801 /* Detail Movie */ = {
			isa = PBXGroup;
			children = (
				F3C24E3C15C8027B0077C801 /* MovieDetailController.h */,
				F3C24E3D15C8027B0077C801 /* MovieDetailController.m */,
			);
			path = "Detail Movie";
			sourceTree = "<group>";
		};
		F3C24E3E15C8027B0077C801 /* List Cinemas */ = {
			isa = PBXGroup;
			children = (
				F3C24E3F15C8027B0077C801 /* CinemasController.h */,
				F3C24E4015C8027B0077C801 /* CinemasController.m */,
			);
			path = "List Cinemas";
			sourceTree = "<group>";
		};
		F3C24E4115C8027B0077C801 /* List Movies */ = {
			isa = PBXGroup;
			children = (
				F3C24E4215C8027B0077C801 /* MoviesController.h */,
				F3C24E4315C8027B0077C801 /* MoviesController.m */,
			);
			path = "List Movies";
			sourceTree = "<group>";
		};
		F3C24E4415C8027B0077C801 /* Menu */ = {
			isa = PBXGroup;
			children = (
				F3C24E4515C8027B0077C801 /* MenuController.h */,
				F3C24E4615C8027B0077C801 /* MenuController.m */,
			);
			path = Menu;
			sourceTree = "<group>";
		};
		F3C24E4715C8027B0077C801 /* Views */ = {
			isa = PBXGroup;
			children = (
				F3951C1315CFC4DF00BCF4D8 /* Show Times */,
				6FFFC0F815CF9DC6003D9326 /* Map */,
				6FFFC0D815CF665D003D9326 /* Trailer */,
				F35E733815CA40A30030D161 /* Detail Cinema */,
				F3C24E4815C8027B0077C801 /* Detail Movie */,
				F3C24E4A15C8027B0077C801 /* List Cinemas */,
				F3C24E4F15C8027B0077C801 /* List Movies  */,
				F3C24E5115C8027B0077C801 /* Menu */,
			);
			path = Views;
			sourceTree = "<group>";
		};
		F3C24E4815C8027B0077C801 /* Detail Movie */ = {
			isa = PBXGroup;
			children = (
				F3C24E4915C8027B0077C801 /* MovieDetailView.xib */,
			);
			path = "Detail Movie";
			sourceTree = "<group>";
		};
		F3C24E4A15C8027B0077C801 /* List Cinemas */ = {
			isa = PBXGroup;
			children = (
				F3C24E5E15C802ED0077C801 /* CinemasView.xib */,
				F3C24E4C15C8027B0077C801 /* SGNCinemasListCell.h */,
				F3C24E4D15C8027B0077C801 /* SGNCinemasListCell.m */,
				F3C24E4E15C8027B0077C801 /* SGNCinemasListCell.xib */,
			);
			path = "List Cinemas";
			sourceTree = "<group>";
		};
		F3C24E4F15C8027B0077C801 /* List Movies  */ = {
			isa = PBXGroup;
			children = (
				F3C24E5015C8027B0077C801 /* MoviesView.xib */,
			);
			path = "List Movies ";
			sourceTree = "<group>";
		};
		F3C24E5115C8027B0077C801 /* Menu */ = {
			isa = PBXGroup;
			children = (
				F3C24E5215C8027B0077C801 /* MenuView.xib */,
			);
			path = Menu;
			sourceTree = "<group>";
		};
		F3C89C6715D8D88900E4B28C /* Models */ = {
			isa = PBXGroup;
			children = (
				F38DA92A15D91CD300C40810 /* DataSerivce */,
				F38DA92D15D91CD300C40810 /* Entities */,
				F38DA93815D91CD300C40810 /* Repository */,
			);
			path = Models;
			sourceTree = "<group>";
		};
		F3DDF9A215C2753500A47C57 /* JSONKit */ = {
			isa = PBXGroup;
			children = (
				F3DDF9A315C2753500A47C57 /* JSONKit.h */,
				F3DDF9A415C2753500A47C57 /* JSONKit.m */,
			);
			path = JSONKit;
			sourceTree = "<group>";
		};
/* End PBXGroup section */

/* Begin PBXNativeTarget section */
		F397E66E15C159A100A92874 /* SGN_MOVIE_v2 */ = {
			isa = PBXNativeTarget;
			buildConfigurationList = F397E68D15C159A100A92874 /* Build configuration list for PBXNativeTarget "SGN_MOVIE_v2" */;
			buildPhases = (
				F397E66B15C159A100A92874 /* Sources */,
				F397E66C15C159A100A92874 /* Frameworks */,
				F397E66D15C159A100A92874 /* Resources */,
			);
			buildRules = (
			);
			dependencies = (
			);
			name = SGN_MOVIE_v2;
			productName = SGN_MOVIE_v2;
			productReference = F397E66F15C159A100A92874 /* SGN_MOVIE_v2.app */;
			productType = "com.apple.product-type.application";
		};
/* End PBXNativeTarget section */

/* Begin PBXProject section */
		F397E66615C159A000A92874 /* Project object */ = {
			isa = PBXProject;
			attributes = {
				LastUpgradeCheck = 0430;
			};
			buildConfigurationList = F397E66915C159A000A92874 /* Build configuration list for PBXProject "SGN_MOVIE_v2" */;
			compatibilityVersion = "Xcode 3.2";
			developmentRegion = English;
			hasScannedForEncodings = 0;
			knownRegions = (
				en,
			);
			mainGroup = F397E66415C159A000A92874;
			productRefGroup = F397E67015C159A100A92874 /* Products */;
			projectDirPath = "";
			projectRoot = "";
			targets = (
				F397E66E15C159A100A92874 /* SGN_MOVIE_v2 */,
			);
		};
/* End PBXProject section */

/* Begin PBXResourcesBuildPhase section */
		F397E66D15C159A100A92874 /* Resources */ = {
			isa = PBXResourcesBuildPhase;
			buildActionMask = 2147483647;
			files = (
				F397E67E15C159A100A92874 /* InfoPlist.strings in Resources */,
				F397E6AF15C15C0700A92874 /* Background7.jpg in Resources */,
				F397E6B015C15C0700A92874 /* Background8.jpg in Resources */,
				F397E6B115C15C0700A92874 /* Menu.png in Resources */,
				F397E6B215C15C0700A92874 /* movie.png in Resources */,
				F397E6B315C15C0700A92874 /* widescreen.png in Resources */,
				6F420CE815C662F100319B83 /* Default.png in Resources */,
				6F420D0015C68F5500319B83 /* about.png in Resources */,
				F3C24E5815C8027B0077C801 /* MovieDetailView.xib in Resources */,
				F3C24E5B15C8027B0077C801 /* SGNCinemasListCell.xib in Resources */,
				F3C24E5C15C8027B0077C801 /* MoviesView.xib in Resources */,
				F3C24E5D15C8027B0077C801 /* MenuView.xib in Resources */,
				F3C24E5F15C802ED0077C801 /* CinemasView.xib in Resources */,
				F3A7EB6F15CBAC73006876BC /* CinemaDetailView.xib in Resources */,
				F3951C1815CFC52C00BCF4D8 /* ShowTimesView.xib in Resources */,
				F3951C5315CFD73F00BCF4D8 /* SGNComboView.xib in Resources */,
				6FFFC0DD15CF669E003D9326 /* TrailerView.xib in Resources */,
				6FFFC11E15CFA7A1003D9326 /* MapKitDisplayView.xib in Resources */,
				F3B7529515D240E800D29207 /* SGNCustomPopup.xib in Resources */,
				6FA3253615DCE8F600C1CD32 /* Data.plist in Resources */,
				6FFEEE9C15E3953800322710 /* Icon.png in Resources */,
				6FFEEE9D15E3953800322710 /* Icon@2x.png in Resources */,
				6F01F9ED15E625DB00EE321E /* popoverArrowDown.png in Resources */,
				6F01F9EE15E625DB00EE321E /* popoverArrowDown@2x.png in Resources */,
				6F01F9EF15E625DB00EE321E /* popoverArrowDownSimple.png in Resources */,
				6F01F9F015E625DB00EE321E /* popoverArrowLeft.png in Resources */,
				6F01F9F115E625DB00EE321E /* popoverArrowLeft@2x.png in Resources */,
				6F01F9F215E625DB00EE321E /* popoverArrowLeftSimple.png in Resources */,
				6F01F9F315E625DB00EE321E /* popoverArrowRight.png in Resources */,
				6F01F9F415E625DB00EE321E /* popoverArrowRight@2x.png in Resources */,
				6F01F9F515E625DB00EE321E /* popoverArrowRightSimple.png in Resources */,
				6F01F9F615E625DB00EE321E /* popoverArrowUp.png in Resources */,
				6F01F9F715E625DB00EE321E /* popoverArrowUp@2x.png in Resources */,
				6F01F9F815E625DB00EE321E /* popoverArrowUpSimple.png in Resources */,
				6F01F9F915E625DB00EE321E /* popoverBg.png in Resources */,
				6F01F9FA15E625DB00EE321E /* popoverBg@2x.png in Resources */,
				6F01F9FB15E625DB00EE321E /* popoverBgSimple.png in Resources */,
				6F01FA0715E63F9100EE321E /* Provider.png in Resources */,
				6FFA717015E733D6000A214D /* CheckIcon.png in Resources */,
			);
			runOnlyForDeploymentPostprocessing = 0;
		};
/* End PBXResourcesBuildPhase section */

/* Begin PBXSourcesBuildPhase section */
		F397E66B15C159A100A92874 /* Sources */ = {
			isa = PBXSourcesBuildPhase;
			buildActionMask = 2147483647;
			files = (
				F397E68015C159A100A92874 /* main.m in Sources */,
				F397E69F15C15B3D00A92874 /* AppDelegate.m in Sources */,
				F397E6E415C15CEB00A92874 /* AFHTTPClient.m in Sources */,
				F397E6E515C15CEB00A92874 /* AFHTTPRequestOperation.m in Sources */,
				F397E6E615C15CEB00A92874 /* AFImageRequestOperation.m in Sources */,
				F397E6E715C15CEB00A92874 /* AFJSONRequestOperation.m in Sources */,
				F397E6E815C15CEB00A92874 /* AFJSONUtilities.m in Sources */,
				F397E6E915C15CEB00A92874 /* AFNetworkActivityIndicatorManager.m in Sources */,
				F397E6EA15C15CEB00A92874 /* AFPropertyListRequestOperation.m in Sources */,
				F397E6EB15C15CEB00A92874 /* AFURLConnectionOperation.m in Sources */,
				F397E6EC15C15CEB00A92874 /* AFXMLRequestOperation.m in Sources */,
				F397E6ED15C15CEB00A92874 /* UIImageView+AFNetworking.m in Sources */,
				F397E70C15C15D3600A92874 /* HJCircularBuffer.m in Sources */,
				F397E70D15C15D3600A92874 /* HJManagedImageV.m in Sources */,
				F397E70E15C15D3600A92874 /* HJMOBigFileCache.m in Sources */,
				F397E70F15C15D3600A92874 /* HJMOFileCache.m in Sources */,
				F397E71015C15D3600A92874 /* HJMOHandler.m in Sources */,
				F397E71115C15D3600A92874 /* HJMOPolicy.m in Sources */,
				F397E71215C15D3600A92874 /* HJMOUserBase.m in Sources */,
				F397E71315C15D3600A92874 /* HJObjManager.m in Sources */,
				F397E71415C15D3600A92874 /* HJWeakMutableArray.m in Sources */,
				F397E72115C1604400A92874 /* HJCache.m in Sources */,
				F3DDF9A515C2753500A47C57 /* JSONKit.m in Sources */,
				6FC7847E15C27AA300A18A34 /* IIViewDeckController.m in Sources */,
				6FC7847F15C27AA300A18A34 /* WrapController.m in Sources */,
				F3C24E5315C8027B0077C801 /* AboutController.m in Sources */,
				F3C24E5415C8027B0077C801 /* MovieDetailController.m in Sources */,
				F3C24E5515C8027B0077C801 /* CinemasController.m in Sources */,
				F3C24E5615C8027B0077C801 /* MoviesController.m in Sources */,
				F3C24E5715C8027B0077C801 /* MenuController.m in Sources */,
				F3C24E5A15C8027B0077C801 /* SGNCinemasListCell.m in Sources */,
				F3A7EB7215CBAC84006876BC /* CinemaDetailController.m in Sources */,
				F3951C5115CFD72800BCF4D8 /* SGNComboView.m in Sources */,
				6FFFC0D515CF614B003D9326 /* LBYouTubePlayerController.m in Sources */,
				6FFFC0D615CF614B003D9326 /* LBYouTubePlayerViewController.m in Sources */,
				6FFFC0DC15CF669E003D9326 /* TrailerController.m in Sources */,
				6FFFC11C15CFA73C003D9326 /* DisplayMap.m in Sources */,
				6FE32C1815D2177300F344E0 /* MapKitDisplayController.m in Sources */,
				F3B7529415D240E800D29207 /* SGNCustomPopup.m in Sources */,
				F38DA93915D91CD300C40810 /* DataService.m in Sources */,
				F38DA93E15D91CD300C40810 /* SGN_Movie.xcdatamodeld in Sources */,
				F3B1007C15DBA07A00F67674 /* Repository.m in Sources */,
				F3EFFF2D15E4F4EB00B4A2DD /* ShowTimesController.m in Sources */,
				6F01F9D015E620B800EE321E /* UIBarButtonItem+WEPopover.m in Sources */,
				6F01F9D115E620B800EE321E /* WEPopoverContainerView.m in Sources */,
				6F01F9D215E620B800EE321E /* WEPopoverController.m in Sources */,
				6F01F9D315E620B800EE321E /* WETouchableView.m in Sources */,
				6F01F9DD15E621B100EE321E /* WEPopoverContentViewController.m in Sources */,
				F39FDF7D15EB8413004A3A59 /* Cinema.m in Sources */,
				F39FDF8015EB8414004A3A59 /* Provider.m in Sources */,
				F39FDF8315EB8414004A3A59 /* Sessiontime.m in Sources */,
				F39FDF8615EB8415004A3A59 /* Movie.m in Sources */,
				F39FDF8A15EB8D1C004A3A59 /* SGNManagedObject.m in Sources */,
			);
			runOnlyForDeploymentPostprocessing = 0;
		};
/* End PBXSourcesBuildPhase section */

/* Begin PBXVariantGroup section */
		F397E67C15C159A100A92874 /* InfoPlist.strings */ = {
			isa = PBXVariantGroup;
			children = (
				F397E67D15C159A100A92874 /* en */,
			);
			name = InfoPlist.strings;
			sourceTree = "<group>";
		};
/* End PBXVariantGroup section */

/* Begin XCBuildConfiguration section */
		F397E68B15C159A100A92874 /* Debug */ = {
			isa = XCBuildConfiguration;
			buildSettings = {
				ALWAYS_SEARCH_USER_PATHS = NO;
				ARCHS = "$(ARCHS_STANDARD_32_BIT)";
				CLANG_ENABLE_OBJC_ARC = YES;
				CODE_SIGN_IDENTITY = "iPhone Developer: Huy Nguyen (ND3XK3X6E2)";
				"CODE_SIGN_IDENTITY[sdk=iphoneos*]" = "iPhone Developer: Huy Nguyen (ND3XK3X6E2)";
				COPY_PHASE_STRIP = NO;
				GCC_C_LANGUAGE_STANDARD = gnu99;
				GCC_DYNAMIC_NO_PIC = NO;
				GCC_OPTIMIZATION_LEVEL = 0;
				GCC_PREPROCESSOR_DEFINITIONS = (
					"DEBUG=1",
					"$(inherited)",
				);
				GCC_SYMBOLS_PRIVATE_EXTERN = NO;
				GCC_VERSION = com.apple.compilers.llvm.clang.1_0;
				GCC_WARN_ABOUT_RETURN_TYPE = YES;
				GCC_WARN_UNINITIALIZED_AUTOS = YES;
				GCC_WARN_UNUSED_VARIABLE = YES;
				IPHONEOS_DEPLOYMENT_TARGET = 5.1;
				PROVISIONING_PROFILE = "A40368E4-846A-4B88-8AF7-E11D2D185769";
				"PROVISIONING_PROFILE[sdk=iphoneos*]" = "A40368E4-846A-4B88-8AF7-E11D2D185769";
				SDKROOT = iphoneos;
			};
			name = Debug;
		};
		F397E68C15C159A100A92874 /* Release */ = {
			isa = XCBuildConfiguration;
			buildSettings = {
				ALWAYS_SEARCH_USER_PATHS = NO;
				ARCHS = "$(ARCHS_STANDARD_32_BIT)";
				CLANG_ENABLE_OBJC_ARC = YES;
				CODE_SIGN_IDENTITY = "iPhone Developer: Huy Nguyen (ND3XK3X6E2)";
				"CODE_SIGN_IDENTITY[sdk=iphoneos*]" = "iPhone Developer: Huy Nguyen (ND3XK3X6E2)";
				COPY_PHASE_STRIP = YES;
				GCC_C_LANGUAGE_STANDARD = gnu99;
				GCC_VERSION = com.apple.compilers.llvm.clang.1_0;
				GCC_WARN_ABOUT_RETURN_TYPE = YES;
				GCC_WARN_UNINITIALIZED_AUTOS = YES;
				GCC_WARN_UNUSED_VARIABLE = YES;
				IPHONEOS_DEPLOYMENT_TARGET = 5.1;
				OTHER_CFLAGS = "-DNS_BLOCK_ASSERTIONS=1";
				PROVISIONING_PROFILE = "A40368E4-846A-4B88-8AF7-E11D2D185769";
				"PROVISIONING_PROFILE[sdk=iphoneos*]" = "A40368E4-846A-4B88-8AF7-E11D2D185769";
				SDKROOT = iphoneos;
				VALIDATE_PRODUCT = YES;
			};
			name = Release;
		};
		F397E68E15C159A100A92874 /* Debug */ = {
			isa = XCBuildConfiguration;
			buildSettings = {
				CODE_SIGN_IDENTITY = "iPhone Developer: Huy Nguyen (ND3XK3X6E2)";
				GCC_PRECOMPILE_PREFIX_HEADER = YES;
				GCC_PREFIX_HEADER = "SGN_MOVIE_v2/SGN_MOVIE_v2-Prefix.pch";
				INFOPLIST_FILE = "SGN_MOVIE_v2/SGN_MOVIE_v2-Info.plist";
				IPHONEOS_DEPLOYMENT_TARGET = 4.3;
				OTHER_CFLAGS = "";
				OTHER_CPLUSPLUSFLAGS = "$(OTHER_CFLAGS)";
				PRODUCT_NAME = "$(TARGET_NAME)";
				PROVISIONING_PROFILE = "A40368E4-846A-4B88-8AF7-E11D2D185769";
				TARGETED_DEVICE_FAMILY = 1;
				WRAPPER_EXTENSION = app;
			};
			name = Debug;
		};
		F397E68F15C159A100A92874 /* Release */ = {
			isa = XCBuildConfiguration;
			buildSettings = {
				CODE_SIGN_IDENTITY = "iPhone Developer: Huy Nguyen (ND3XK3X6E2)";
				GCC_PRECOMPILE_PREFIX_HEADER = YES;
				GCC_PREFIX_HEADER = "SGN_MOVIE_v2/SGN_MOVIE_v2-Prefix.pch";
				INFOPLIST_FILE = "SGN_MOVIE_v2/SGN_MOVIE_v2-Info.plist";
				IPHONEOS_DEPLOYMENT_TARGET = 4.3;
				OTHER_CFLAGS = "-DNS_BLOCK_ASSERTIONS=1";
				OTHER_CPLUSPLUSFLAGS = "-DNS_BLOCK_ASSERTIONS=1";
				PRODUCT_NAME = "$(TARGET_NAME)";
				PROVISIONING_PROFILE = "A40368E4-846A-4B88-8AF7-E11D2D185769";
				TARGETED_DEVICE_FAMILY = 1;
				WRAPPER_EXTENSION = app;
			};
			name = Release;
		};
/* End XCBuildConfiguration section */

/* Begin XCConfigurationList section */
		F397E66915C159A000A92874 /* Build configuration list for PBXProject "SGN_MOVIE_v2" */ = {
			isa = XCConfigurationList;
			buildConfigurations = (
				F397E68B15C159A100A92874 /* Debug */,
				F397E68C15C159A100A92874 /* Release */,
			);
			defaultConfigurationIsVisible = 0;
			defaultConfigurationName = Release;
		};
		F397E68D15C159A100A92874 /* Build configuration list for PBXNativeTarget "SGN_MOVIE_v2" */ = {
			isa = XCConfigurationList;
			buildConfigurations = (
				F397E68E15C159A100A92874 /* Debug */,
				F397E68F15C159A100A92874 /* Release */,
			);
			defaultConfigurationIsVisible = 0;
			defaultConfigurationName = Release;
		};
/* End XCConfigurationList section */

/* Begin XCVersionGroup section */
		F38DA93615D91CD300C40810 /* SGN_Movie.xcdatamodeld */ = {
			isa = XCVersionGroup;
			children = (
				F38DA93715D91CD300C40810 /* SGN_Movie.xcdatamodel */,
			);
			currentVersion = F38DA93715D91CD300C40810 /* SGN_Movie.xcdatamodel */;
			path = SGN_Movie.xcdatamodeld;
			sourceTree = "<group>";
			versionGroupType = wrapper.xcdatamodel;
		};
/* End XCVersionGroup section */
	};
	rootObject = F397E66615C159A000A92874 /* Project object */;
}
