// !$*UTF8*$!
{
	archiveVersion = 1;
	classes = {
	};
	objectVersion = 46;
	objects = {

/* Begin PBXBuildFile section */
		6FC919CA15BE8C0E003E5720 /* movie.png in Resources */ = {isa = PBXBuildFile; fileRef = 6FC919C815BE8C0E003E5720 /* movie.png */; };
		6FC919CB15BE8C0E003E5720 /* widescreen.png in Resources */ = {isa = PBXBuildFile; fileRef = 6FC919C915BE8C0E003E5720 /* widescreen.png */; };
		6FC919CE15BE8C24003E5720 /* JSONKit.m in Sources */ = {isa = PBXBuildFile; fileRef = 6FC919CD15BE8C24003E5720 /* JSONKit.m */; };
		6FC919FA15BE8C35003E5720 /* AFHTTPClient.m in Sources */ = {isa = PBXBuildFile; fileRef = 6FC919D115BE8C35003E5720 /* AFHTTPClient.m */; };
		6FC919FB15BE8C35003E5720 /* AFHTTPRequestOperation.m in Sources */ = {isa = PBXBuildFile; fileRef = 6FC919D315BE8C35003E5720 /* AFHTTPRequestOperation.m */; };
		6FC919FC15BE8C35003E5720 /* AFImageRequestOperation.m in Sources */ = {isa = PBXBuildFile; fileRef = 6FC919D515BE8C35003E5720 /* AFImageRequestOperation.m */; };
		6FC919FD15BE8C35003E5720 /* AFJSONRequestOperation.m in Sources */ = {isa = PBXBuildFile; fileRef = 6FC919D715BE8C35003E5720 /* AFJSONRequestOperation.m */; };
		6FC919FE15BE8C35003E5720 /* AFJSONUtilities.m in Sources */ = {isa = PBXBuildFile; fileRef = 6FC919D915BE8C35003E5720 /* AFJSONUtilities.m */; };
		6FC919FF15BE8C35003E5720 /* AFNetworkActivityIndicatorManager.m in Sources */ = {isa = PBXBuildFile; fileRef = 6FC919DB15BE8C35003E5720 /* AFNetworkActivityIndicatorManager.m */; };
		6FC91A0015BE8C35003E5720 /* AFPropertyListRequestOperation.m in Sources */ = {isa = PBXBuildFile; fileRef = 6FC919DE15BE8C35003E5720 /* AFPropertyListRequestOperation.m */; };
		6FC91A0115BE8C35003E5720 /* AFURLConnectionOperation.m in Sources */ = {isa = PBXBuildFile; fileRef = 6FC919E015BE8C35003E5720 /* AFURLConnectionOperation.m */; };
		6FC91A0215BE8C35003E5720 /* AFXMLRequestOperation.m in Sources */ = {isa = PBXBuildFile; fileRef = 6FC919E215BE8C35003E5720 /* AFXMLRequestOperation.m */; };
		6FC91A0315BE8C35003E5720 /* UIImageView+AFNetworking.m in Sources */ = {isa = PBXBuildFile; fileRef = 6FC919E415BE8C35003E5720 /* UIImageView+AFNetworking.m */; };
		6FC91A0415BE8C35003E5720 /* HJCircularBuffer.m in Sources */ = {isa = PBXBuildFile; fileRef = 6FC919E715BE8C35003E5720 /* HJCircularBuffer.m */; };
		6FC91A0515BE8C35003E5720 /* HJManagedImageV.m in Sources */ = {isa = PBXBuildFile; fileRef = 6FC919E915BE8C35003E5720 /* HJManagedImageV.m */; };
		6FC91A0615BE8C35003E5720 /* HJMOBigFileCache.m in Sources */ = {isa = PBXBuildFile; fileRef = 6FC919EC15BE8C35003E5720 /* HJMOBigFileCache.m */; };
		6FC91A0715BE8C35003E5720 /* HJMOFileCache.m in Sources */ = {isa = PBXBuildFile; fileRef = 6FC919EE15BE8C35003E5720 /* HJMOFileCache.m */; };
		6FC91A0815BE8C35003E5720 /* HJMOHandler.m in Sources */ = {isa = PBXBuildFile; fileRef = 6FC919F015BE8C35003E5720 /* HJMOHandler.m */; };
		6FC91A0915BE8C35003E5720 /* HJMOPolicy.m in Sources */ = {isa = PBXBuildFile; fileRef = 6FC919F215BE8C35003E5720 /* HJMOPolicy.m */; };
		6FC91A0A15BE8C35003E5720 /* HJMOUserBase.m in Sources */ = {isa = PBXBuildFile; fileRef = 6FC919F515BE8C35003E5720 /* HJMOUserBase.m */; };
		6FC91A0B15BE8C35003E5720 /* HJObjManager.m in Sources */ = {isa = PBXBuildFile; fileRef = 6FC919F715BE8C35003E5720 /* HJObjManager.m */; };
		6FC91A0C15BE8C35003E5720 /* HJWeakMutableArray.m in Sources */ = {isa = PBXBuildFile; fileRef = 6FC919F915BE8C35003E5720 /* HJWeakMutableArray.m */; };
		6FC91A1115BE8C59003E5720 /* CinemasController.m in Sources */ = {isa = PBXBuildFile; fileRef = 6FC91A0E15BE8C59003E5720 /* CinemasController.m */; };
		6FC91A1215BE8C59003E5720 /* MoviesController.m in Sources */ = {isa = PBXBuildFile; fileRef = 6FC91A1015BE8C59003E5720 /* MoviesController.m */; };
		6FC91A1515BE8C6C003E5720 /* CinemasView.xib in Resources */ = {isa = PBXBuildFile; fileRef = 6FC91A1315BE8C6C003E5720 /* CinemasView.xib */; };
		6FC91A1615BE8C6C003E5720 /* MoviesView.xib in Resources */ = {isa = PBXBuildFile; fileRef = 6FC91A1415BE8C6C003E5720 /* MoviesView.xib */; };
		6FC91A1915BE8C85003E5720 /* HJCache.m in Sources */ = {isa = PBXBuildFile; fileRef = 6FC91A1815BE8C85003E5720 /* HJCache.m */; };
		6FC91A2915BE97B7003E5720 /* Background7.jpg in Resources */ = {isa = PBXBuildFile; fileRef = 6FC91A2815BE97B7003E5720 /* Background7.jpg */; };
		6FC91A2B15BE97DD003E5720 /* Background8.jpg in Resources */ = {isa = PBXBuildFile; fileRef = 6FC91A2A15BE97DD003E5720 /* Background8.jpg */; };
		6FCF7F7815BCEE9E002644F7 /* UIKit.framework in Frameworks */ = {isa = PBXBuildFile; fileRef = 6FCF7F7715BCEE9E002644F7 /* UIKit.framework */; };
		6FCF7F7A15BCEE9E002644F7 /* Foundation.framework in Frameworks */ = {isa = PBXBuildFile; fileRef = 6FCF7F7915BCEE9E002644F7 /* Foundation.framework */; };
		6FCF7F7C15BCEE9E002644F7 /* CoreGraphics.framework in Frameworks */ = {isa = PBXBuildFile; fileRef = 6FCF7F7B15BCEE9E002644F7 /* CoreGraphics.framework */; };
		6FCF7F8215BCEE9E002644F7 /* InfoPlist.strings in Resources */ = {isa = PBXBuildFile; fileRef = 6FCF7F8015BCEE9E002644F7 /* InfoPlist.strings */; };
		6FCF7F8415BCEE9E002644F7 /* main.m in Sources */ = {isa = PBXBuildFile; fileRef = 6FCF7F8315BCEE9E002644F7 /* main.m */; };
		6FCF7F8815BCEE9E002644F7 /* AppDelegate.m in Sources */ = {isa = PBXBuildFile; fileRef = 6FCF7F8715BCEE9E002644F7 /* AppDelegate.m */; };
/* End PBXBuildFile section */

/* Begin PBXFileReference section */
		6FC919C815BE8C0E003E5720 /* movie.png */ = {isa = PBXFileReference; lastKnownFileType = image.png; name = movie.png; path = Resources/images/movie.png; sourceTree = "<group>"; };
		6FC919C915BE8C0E003E5720 /* widescreen.png */ = {isa = PBXFileReference; lastKnownFileType = image.png; name = widescreen.png; path = Resources/images/widescreen.png; sourceTree = "<group>"; };
		6FC919CC15BE8C24003E5720 /* JSONKit.h */ = {isa = PBXFileReference; fileEncoding = 4; lastKnownFileType = sourcecode.c.h; name = JSONKit.h; path = Library/JSONKit.h; sourceTree = "<group>"; };
		6FC919CD15BE8C24003E5720 /* JSONKit.m */ = {isa = PBXFileReference; fileEncoding = 4; lastKnownFileType = sourcecode.c.objc; name = JSONKit.m; path = Library/JSONKit.m; sourceTree = "<group>"; };
		6FC919D015BE8C35003E5720 /* AFHTTPClient.h */ = {isa = PBXFileReference; fileEncoding = 4; lastKnownFileType = sourcecode.c.h; path = AFHTTPClient.h; sourceTree = "<group>"; };
		6FC919D115BE8C35003E5720 /* AFHTTPClient.m */ = {isa = PBXFileReference; fileEncoding = 4; lastKnownFileType = sourcecode.c.objc; path = AFHTTPClient.m; sourceTree = "<group>"; };
		6FC919D215BE8C35003E5720 /* AFHTTPRequestOperation.h */ = {isa = PBXFileReference; fileEncoding = 4; lastKnownFileType = sourcecode.c.h; path = AFHTTPRequestOperation.h; sourceTree = "<group>"; };
		6FC919D315BE8C35003E5720 /* AFHTTPRequestOperation.m */ = {isa = PBXFileReference; fileEncoding = 4; lastKnownFileType = sourcecode.c.objc; path = AFHTTPRequestOperation.m; sourceTree = "<group>"; };
		6FC919D415BE8C35003E5720 /* AFImageRequestOperation.h */ = {isa = PBXFileReference; fileEncoding = 4; lastKnownFileType = sourcecode.c.h; path = AFImageRequestOperation.h; sourceTree = "<group>"; };
		6FC919D515BE8C35003E5720 /* AFImageRequestOperation.m */ = {isa = PBXFileReference; fileEncoding = 4; lastKnownFileType = sourcecode.c.objc; path = AFImageRequestOperation.m; sourceTree = "<group>"; };
		6FC919D615BE8C35003E5720 /* AFJSONRequestOperation.h */ = {isa = PBXFileReference; fileEncoding = 4; lastKnownFileType = sourcecode.c.h; path = AFJSONRequestOperation.h; sourceTree = "<group>"; };
		6FC919D715BE8C35003E5720 /* AFJSONRequestOperation.m */ = {isa = PBXFileReference; fileEncoding = 4; lastKnownFileType = sourcecode.c.objc; path = AFJSONRequestOperation.m; sourceTree = "<group>"; };
		6FC919D815BE8C35003E5720 /* AFJSONUtilities.h */ = {isa = PBXFileReference; fileEncoding = 4; lastKnownFileType = sourcecode.c.h; path = AFJSONUtilities.h; sourceTree = "<group>"; };
		6FC919D915BE8C35003E5720 /* AFJSONUtilities.m */ = {isa = PBXFileReference; fileEncoding = 4; lastKnownFileType = sourcecode.c.objc; path = AFJSONUtilities.m; sourceTree = "<group>"; };
		6FC919DA15BE8C35003E5720 /* AFNetworkActivityIndicatorManager.h */ = {isa = PBXFileReference; fileEncoding = 4; lastKnownFileType = sourcecode.c.h; path = AFNetworkActivityIndicatorManager.h; sourceTree = "<group>"; };
		6FC919DB15BE8C35003E5720 /* AFNetworkActivityIndicatorManager.m */ = {isa = PBXFileReference; fileEncoding = 4; lastKnownFileType = sourcecode.c.objc; path = AFNetworkActivityIndicatorManager.m; sourceTree = "<group>"; };
		6FC919DC15BE8C35003E5720 /* AFNetworking.h */ = {isa = PBXFileReference; fileEncoding = 4; lastKnownFileType = sourcecode.c.h; path = AFNetworking.h; sourceTree = "<group>"; };
		6FC919DD15BE8C35003E5720 /* AFPropertyListRequestOperation.h */ = {isa = PBXFileReference; fileEncoding = 4; lastKnownFileType = sourcecode.c.h; path = AFPropertyListRequestOperation.h; sourceTree = "<group>"; };
		6FC919DE15BE8C35003E5720 /* AFPropertyListRequestOperation.m */ = {isa = PBXFileReference; fileEncoding = 4; lastKnownFileType = sourcecode.c.objc; path = AFPropertyListRequestOperation.m; sourceTree = "<group>"; };
		6FC919DF15BE8C35003E5720 /* AFURLConnectionOperation.h */ = {isa = PBXFileReference; fileEncoding = 4; lastKnownFileType = sourcecode.c.h; path = AFURLConnectionOperation.h; sourceTree = "<group>"; };
		6FC919E015BE8C35003E5720 /* AFURLConnectionOperation.m */ = {isa = PBXFileReference; fileEncoding = 4; lastKnownFileType = sourcecode.c.objc; path = AFURLConnectionOperation.m; sourceTree = "<group>"; };
		6FC919E115BE8C35003E5720 /* AFXMLRequestOperation.h */ = {isa = PBXFileReference; fileEncoding = 4; lastKnownFileType = sourcecode.c.h; path = AFXMLRequestOperation.h; sourceTree = "<group>"; };
		6FC919E215BE8C35003E5720 /* AFXMLRequestOperation.m */ = {isa = PBXFileReference; fileEncoding = 4; lastKnownFileType = sourcecode.c.objc; path = AFXMLRequestOperation.m; sourceTree = "<group>"; };
		6FC919E315BE8C35003E5720 /* UIImageView+AFNetworking.h */ = {isa = PBXFileReference; fileEncoding = 4; lastKnownFileType = sourcecode.c.h; path = "UIImageView+AFNetworking.h"; sourceTree = "<group>"; };
		6FC919E415BE8C35003E5720 /* UIImageView+AFNetworking.m */ = {isa = PBXFileReference; fileEncoding = 4; lastKnownFileType = sourcecode.c.objc; path = "UIImageView+AFNetworking.m"; sourceTree = "<group>"; };
		6FC919E615BE8C35003E5720 /* HJCircularBuffer.h */ = {isa = PBXFileReference; fileEncoding = 4; lastKnownFileType = sourcecode.c.h; path = HJCircularBuffer.h; sourceTree = "<group>"; };
		6FC919E715BE8C35003E5720 /* HJCircularBuffer.m */ = {isa = PBXFileReference; fileEncoding = 4; lastKnownFileType = sourcecode.c.objc; path = HJCircularBuffer.m; sourceTree = "<group>"; };
		6FC919E815BE8C35003E5720 /* HJManagedImageV.h */ = {isa = PBXFileReference; fileEncoding = 4; lastKnownFileType = sourcecode.c.h; path = HJManagedImageV.h; sourceTree = "<group>"; };
		6FC919E915BE8C35003E5720 /* HJManagedImageV.m */ = {isa = PBXFileReference; fileEncoding = 4; lastKnownFileType = sourcecode.c.objc; path = HJManagedImageV.m; sourceTree = "<group>"; };
		6FC919EA15BE8C35003E5720 /* HJManagedImageVDelegate.h */ = {isa = PBXFileReference; fileEncoding = 4; lastKnownFileType = sourcecode.c.h; path = HJManagedImageVDelegate.h; sourceTree = "<group>"; };
		6FC919EB15BE8C35003E5720 /* HJMOBigFileCache.h */ = {isa = PBXFileReference; fileEncoding = 4; lastKnownFileType = sourcecode.c.h; path = HJMOBigFileCache.h; sourceTree = "<group>"; };
		6FC919EC15BE8C35003E5720 /* HJMOBigFileCache.m */ = {isa = PBXFileReference; fileEncoding = 4; lastKnownFileType = sourcecode.c.objc; path = HJMOBigFileCache.m; sourceTree = "<group>"; };
		6FC919ED15BE8C35003E5720 /* HJMOFileCache.h */ = {isa = PBXFileReference; fileEncoding = 4; lastKnownFileType = sourcecode.c.h; path = HJMOFileCache.h; sourceTree = "<group>"; };
		6FC919EE15BE8C35003E5720 /* HJMOFileCache.m */ = {isa = PBXFileReference; fileEncoding = 4; lastKnownFileType = sourcecode.c.objc; path = HJMOFileCache.m; sourceTree = "<group>"; };
		6FC919EF15BE8C35003E5720 /* HJMOHandler.h */ = {isa = PBXFileReference; fileEncoding = 4; lastKnownFileType = sourcecode.c.h; path = HJMOHandler.h; sourceTree = "<group>"; };
		6FC919F015BE8C35003E5720 /* HJMOHandler.m */ = {isa = PBXFileReference; fileEncoding = 4; lastKnownFileType = sourcecode.c.objc; path = HJMOHandler.m; sourceTree = "<group>"; };
		6FC919F115BE8C35003E5720 /* HJMOPolicy.h */ = {isa = PBXFileReference; fileEncoding = 4; lastKnownFileType = sourcecode.c.h; path = HJMOPolicy.h; sourceTree = "<group>"; };
		6FC919F215BE8C35003E5720 /* HJMOPolicy.m */ = {isa = PBXFileReference; fileEncoding = 4; lastKnownFileType = sourcecode.c.objc; path = HJMOPolicy.m; sourceTree = "<group>"; };
		6FC919F315BE8C35003E5720 /* HJMOUser.h */ = {isa = PBXFileReference; fileEncoding = 4; lastKnownFileType = sourcecode.c.h; path = HJMOUser.h; sourceTree = "<group>"; };
		6FC919F415BE8C35003E5720 /* HJMOUserBase.h */ = {isa = PBXFileReference; fileEncoding = 4; lastKnownFileType = sourcecode.c.h; path = HJMOUserBase.h; sourceTree = "<group>"; };
		6FC919F515BE8C35003E5720 /* HJMOUserBase.m */ = {isa = PBXFileReference; fileEncoding = 4; lastKnownFileType = sourcecode.c.objc; path = HJMOUserBase.m; sourceTree = "<group>"; };
		6FC919F615BE8C35003E5720 /* HJObjManager.h */ = {isa = PBXFileReference; fileEncoding = 4; lastKnownFileType = sourcecode.c.h; path = HJObjManager.h; sourceTree = "<group>"; };
		6FC919F715BE8C35003E5720 /* HJObjManager.m */ = {isa = PBXFileReference; fileEncoding = 4; lastKnownFileType = sourcecode.c.objc; path = HJObjManager.m; sourceTree = "<group>"; };
		6FC919F815BE8C35003E5720 /* HJWeakMutableArray.h */ = {isa = PBXFileReference; fileEncoding = 4; lastKnownFileType = sourcecode.c.h; path = HJWeakMutableArray.h; sourceTree = "<group>"; };
		6FC919F915BE8C35003E5720 /* HJWeakMutableArray.m */ = {isa = PBXFileReference; fileEncoding = 4; lastKnownFileType = sourcecode.c.objc; path = HJWeakMutableArray.m; sourceTree = "<group>"; };
		6FC91A0D15BE8C59003E5720 /* CinemasController.h */ = {isa = PBXFileReference; fileEncoding = 4; lastKnownFileType = sourcecode.c.h; name = CinemasController.h; path = Controller/CinemasController.h; sourceTree = "<group>"; };
		6FC91A0E15BE8C59003E5720 /* CinemasController.m */ = {isa = PBXFileReference; fileEncoding = 4; lastKnownFileType = sourcecode.c.objc; name = CinemasController.m; path = Controller/CinemasController.m; sourceTree = "<group>"; };
		6FC91A0F15BE8C59003E5720 /* MoviesController.h */ = {isa = PBXFileReference; fileEncoding = 4; lastKnownFileType = sourcecode.c.h; name = MoviesController.h; path = Controller/MoviesController.h; sourceTree = "<group>"; };
		6FC91A1015BE8C59003E5720 /* MoviesController.m */ = {isa = PBXFileReference; fileEncoding = 4; lastKnownFileType = sourcecode.c.objc; name = MoviesController.m; path = Controller/MoviesController.m; sourceTree = "<group>"; };
		6FC91A1315BE8C6C003E5720 /* CinemasView.xib */ = {isa = PBXFileReference; fileEncoding = 4; lastKnownFileType = file.xib; name = CinemasView.xib; path = View/CinemasView.xib; sourceTree = "<group>"; };
		6FC91A1415BE8C6C003E5720 /* MoviesView.xib */ = {isa = PBXFileReference; fileEncoding = 4; lastKnownFileType = file.xib; name = MoviesView.xib; path = View/MoviesView.xib; sourceTree = "<group>"; };
		6FC91A1715BE8C85003E5720 /* HJCache.h */ = {isa = PBXFileReference; fileEncoding = 4; lastKnownFileType = sourcecode.c.h; name = HJCache.h; path = Model/HJCache.h; sourceTree = "<group>"; };
		6FC91A1815BE8C85003E5720 /* HJCache.m */ = {isa = PBXFileReference; fileEncoding = 4; lastKnownFileType = sourcecode.c.objc; name = HJCache.m; path = Model/HJCache.m; sourceTree = "<group>"; };
		6FC91A2815BE97B7003E5720 /* Background7.jpg */ = {isa = PBXFileReference; lastKnownFileType = image.jpeg; path = Background7.jpg; sourceTree = "<group>"; };
		6FC91A2A15BE97DD003E5720 /* Background8.jpg */ = {isa = PBXFileReference; lastKnownFileType = image.jpeg; path = Background8.jpg; sourceTree = "<group>"; };
		6FCF7F7315BCEE9E002644F7 /* SGN_Movie_v2.app */ = {isa = PBXFileReference; explicitFileType = wrapper.application; includeInIndex = 0; path = SGN_Movie_v2.app; sourceTree = BUILT_PRODUCTS_DIR; };
		6FCF7F7715BCEE9E002644F7 /* UIKit.framework */ = {isa = PBXFileReference; lastKnownFileType = wrapper.framework; name = UIKit.framework; path = System/Library/Frameworks/UIKit.framework; sourceTree = SDKROOT; };
		6FCF7F7915BCEE9E002644F7 /* Foundation.framework */ = {isa = PBXFileReference; lastKnownFileType = wrapper.framework; name = Foundation.framework; path = System/Library/Frameworks/Foundation.framework; sourceTree = SDKROOT; };
		6FCF7F7B15BCEE9E002644F7 /* CoreGraphics.framework */ = {isa = PBXFileReference; lastKnownFileType = wrapper.framework; name = CoreGraphics.framework; path = System/Library/Frameworks/CoreGraphics.framework; sourceTree = SDKROOT; };
		6FCF7F7F15BCEE9E002644F7 /* SGN_Movie_v2-Info.plist */ = {isa = PBXFileReference; lastKnownFileType = text.plist.xml; path = "SGN_Movie_v2-Info.plist"; sourceTree = "<group>"; };
		6FCF7F8115BCEE9E002644F7 /* en */ = {isa = PBXFileReference; lastKnownFileType = text.plist.strings; name = en; path = en.lproj/InfoPlist.strings; sourceTree = "<group>"; };
		6FCF7F8315BCEE9E002644F7 /* main.m */ = {isa = PBXFileReference; lastKnownFileType = sourcecode.c.objc; path = main.m; sourceTree = "<group>"; };
		6FCF7F8515BCEE9E002644F7 /* SGN_Movie_v2-Prefix.pch */ = {isa = PBXFileReference; lastKnownFileType = sourcecode.c.h; path = "SGN_Movie_v2-Prefix.pch"; sourceTree = "<group>"; };
		6FCF7F8615BCEE9E002644F7 /* AppDelegate.h */ = {isa = PBXFileReference; lastKnownFileType = sourcecode.c.h; path = AppDelegate.h; sourceTree = "<group>"; };
		6FCF7F8715BCEE9E002644F7 /* AppDelegate.m */ = {isa = PBXFileReference; lastKnownFileType = sourcecode.c.objc; path = AppDelegate.m; sourceTree = "<group>"; };
/* End PBXFileReference section */

/* Begin PBXFrameworksBuildPhase section */
		6FCF7F7015BCEE9E002644F7 /* Frameworks */ = {
			isa = PBXFrameworksBuildPhase;
			buildActionMask = 2147483647;
			files = (
				6FCF7F7815BCEE9E002644F7 /* UIKit.framework in Frameworks */,
				6FCF7F7A15BCEE9E002644F7 /* Foundation.framework in Frameworks */,
				6FCF7F7C15BCEE9E002644F7 /* CoreGraphics.framework in Frameworks */,
			);
			runOnlyForDeploymentPostprocessing = 0;
		};
/* End PBXFrameworksBuildPhase section */

/* Begin PBXGroup section */
		6FC919BD15BE85D1003E5720 /* View */ = {
			isa = PBXGroup;
			children = (
				6FC91A1315BE8C6C003E5720 /* CinemasView.xib */,
				6FC91A1415BE8C6C003E5720 /* MoviesView.xib */,
			);
			name = View;
			sourceTree = "<group>";
		};
		6FC919BE15BE85D9003E5720 /* Controller */ = {
			isa = PBXGroup;
			children = (
				6FC91A0D15BE8C59003E5720 /* CinemasController.h */,
				6FC91A0E15BE8C59003E5720 /* CinemasController.m */,
				6FC91A0F15BE8C59003E5720 /* MoviesController.h */,
				6FC91A1015BE8C59003E5720 /* MoviesController.m */,
			);
			name = Controller;
			sourceTree = "<group>";
		};
		6FC919C515BE8A36003E5720 /* Library */ = {
			isa = PBXGroup;
			children = (
				6FC919CF15BE8C35003E5720 /* AFNetworking */,
				6FC919E515BE8C35003E5720 /* HJCacheClasses */,
				6FC919CC15BE8C24003E5720 /* JSONKit.h */,
				6FC919CD15BE8C24003E5720 /* JSONKit.m */,
				6FCF7F7615BCEE9E002644F7 /* Frameworks */,
			);
			name = Library;
			sourceTree = "<group>";
		};
		6FC919C615BE8A3E003E5720 /* Resources */ = {
			isa = PBXGroup;
			children = (
				6FC919C715BE8BF6003E5720 /* images */,
			);
			name = Resources;
			sourceTree = "<group>";
		};
		6FC919C715BE8BF6003E5720 /* images */ = {
			isa = PBXGroup;
			children = (
				6FC91A2A15BE97DD003E5720 /* Background8.jpg */,
				6FC91A2815BE97B7003E5720 /* Background7.jpg */,
				6FC919C815BE8C0E003E5720 /* movie.png */,
				6FC919C915BE8C0E003E5720 /* widescreen.png */,
			);
			name = images;
			sourceTree = "<group>";
		};
		6FC919CF15BE8C35003E5720 /* AFNetworking */ = {
			isa = PBXGroup;
			children = (
				6FC919D015BE8C35003E5720 /* AFHTTPClient.h */,
				6FC919D115BE8C35003E5720 /* AFHTTPClient.m */,
				6FC919D215BE8C35003E5720 /* AFHTTPRequestOperation.h */,
				6FC919D315BE8C35003E5720 /* AFHTTPRequestOperation.m */,
				6FC919D415BE8C35003E5720 /* AFImageRequestOperation.h */,
				6FC919D515BE8C35003E5720 /* AFImageRequestOperation.m */,
				6FC919D615BE8C35003E5720 /* AFJSONRequestOperation.h */,
				6FC919D715BE8C35003E5720 /* AFJSONRequestOperation.m */,
				6FC919D815BE8C35003E5720 /* AFJSONUtilities.h */,
				6FC919D915BE8C35003E5720 /* AFJSONUtilities.m */,
				6FC919DA15BE8C35003E5720 /* AFNetworkActivityIndicatorManager.h */,
				6FC919DB15BE8C35003E5720 /* AFNetworkActivityIndicatorManager.m */,
				6FC919DC15BE8C35003E5720 /* AFNetworking.h */,
				6FC919DD15BE8C35003E5720 /* AFPropertyListRequestOperation.h */,
				6FC919DE15BE8C35003E5720 /* AFPropertyListRequestOperation.m */,
				6FC919DF15BE8C35003E5720 /* AFURLConnectionOperation.h */,
				6FC919E015BE8C35003E5720 /* AFURLConnectionOperation.m */,
				6FC919E115BE8C35003E5720 /* AFXMLRequestOperation.h */,
				6FC919E215BE8C35003E5720 /* AFXMLRequestOperation.m */,
				6FC919E315BE8C35003E5720 /* UIImageView+AFNetworking.h */,
				6FC919E415BE8C35003E5720 /* UIImageView+AFNetworking.m */,
			);
			name = AFNetworking;
			path = Library/AFNetworking;
			sourceTree = "<group>";
		};
		6FC919E515BE8C35003E5720 /* HJCacheClasses */ = {
			isa = PBXGroup;
			children = (
				6FC919E615BE8C35003E5720 /* HJCircularBuffer.h */,
				6FC919E715BE8C35003E5720 /* HJCircularBuffer.m */,
				6FC919E815BE8C35003E5720 /* HJManagedImageV.h */,
				6FC919E915BE8C35003E5720 /* HJManagedImageV.m */,
				6FC919EA15BE8C35003E5720 /* HJManagedImageVDelegate.h */,
				6FC919EB15BE8C35003E5720 /* HJMOBigFileCache.h */,
				6FC919EC15BE8C35003E5720 /* HJMOBigFileCache.m */,
				6FC919ED15BE8C35003E5720 /* HJMOFileCache.h */,
				6FC919EE15BE8C35003E5720 /* HJMOFileCache.m */,
				6FC919EF15BE8C35003E5720 /* HJMOHandler.h */,
				6FC919F015BE8C35003E5720 /* HJMOHandler.m */,
				6FC919F115BE8C35003E5720 /* HJMOPolicy.h */,
				6FC919F215BE8C35003E5720 /* HJMOPolicy.m */,
				6FC919F315BE8C35003E5720 /* HJMOUser.h */,
				6FC919F415BE8C35003E5720 /* HJMOUserBase.h */,
				6FC919F515BE8C35003E5720 /* HJMOUserBase.m */,
				6FC919F615BE8C35003E5720 /* HJObjManager.h */,
				6FC919F715BE8C35003E5720 /* HJObjManager.m */,
				6FC919F815BE8C35003E5720 /* HJWeakMutableArray.h */,
				6FC919F915BE8C35003E5720 /* HJWeakMutableArray.m */,
			);
			name = HJCacheClasses;
			path = Library/HJCacheClasses;
			sourceTree = "<group>";
		};
		6FCBADAE15BD464000E16B55 /* Model */ = {
			isa = PBXGroup;
			children = (
				6FC91A1715BE8C85003E5720 /* HJCache.h */,
				6FC91A1815BE8C85003E5720 /* HJCache.m */,
			);
			name = Model;
			sourceTree = "<group>";
		};
		6FCF7F6815BCEE9E002644F7 = {
			isa = PBXGroup;
			children = (
				6FC919C615BE8A3E003E5720 /* Resources */,
				6FC919C515BE8A36003E5720 /* Library */,
				6FC919BE15BE85D9003E5720 /* Controller */,
				6FC919BD15BE85D1003E5720 /* View */,
				6FCBADAE15BD464000E16B55 /* Model */,
				6FCF7F7D15BCEE9E002644F7 /* SGN_Movie_v2 */,
				6FCF7F7415BCEE9E002644F7 /* Products */,
			);
			sourceTree = "<group>";
		};
		6FCF7F7415BCEE9E002644F7 /* Products */ = {
			isa = PBXGroup;
			children = (
				6FCF7F7315BCEE9E002644F7 /* SGN_Movie_v2.app */,
			);
			name = Products;
			sourceTree = "<group>";
		};
		6FCF7F7615BCEE9E002644F7 /* Frameworks */ = {
			isa = PBXGroup;
			children = (
				6FCF7F7715BCEE9E002644F7 /* UIKit.framework */,
				6FCF7F7915BCEE9E002644F7 /* Foundation.framework */,
				6FCF7F7B15BCEE9E002644F7 /* CoreGraphics.framework */,
			);
			name = Frameworks;
			sourceTree = "<group>";
		};
		6FCF7F7D15BCEE9E002644F7 /* SGN_Movie_v2 */ = {
			isa = PBXGroup;
			children = (
				6FCF7F8615BCEE9E002644F7 /* AppDelegate.h */,
				6FCF7F8715BCEE9E002644F7 /* AppDelegate.m */,
				6FCF7F7E15BCEE9E002644F7 /* Supporting Files */,
			);
			path = SGN_Movie_v2;
			sourceTree = "<group>";
		};
		6FCF7F7E15BCEE9E002644F7 /* Supporting Files */ = {
			isa = PBXGroup;
			children = (
				6FCF7F7F15BCEE9E002644F7 /* SGN_Movie_v2-Info.plist */,
				6FCF7F8015BCEE9E002644F7 /* InfoPlist.strings */,
				6FCF7F8315BCEE9E002644F7 /* main.m */,
				6FCF7F8515BCEE9E002644F7 /* SGN_Movie_v2-Prefix.pch */,
			);
			name = "Supporting Files";
			sourceTree = "<group>";
		};
/* End PBXGroup section */

/* Begin PBXNativeTarget section */
		6FCF7F7215BCEE9E002644F7 /* SGN_Movie_v2 */ = {
			isa = PBXNativeTarget;
			buildConfigurationList = 6FCF7F9115BCEE9E002644F7 /* Build configuration list for PBXNativeTarget "SGN_Movie_v2" */;
			buildPhases = (
				6FCF7F6F15BCEE9E002644F7 /* Sources */,
				6FCF7F7015BCEE9E002644F7 /* Frameworks */,
				6FCF7F7115BCEE9E002644F7 /* Resources */,
			);
			buildRules = (
			);
			dependencies = (
			);
			name = SGN_Movie_v2;
			productName = SGN_Movie_v2;
			productReference = 6FCF7F7315BCEE9E002644F7 /* SGN_Movie_v2.app */;
			productType = "com.apple.product-type.application";
		};
/* End PBXNativeTarget section */

/* Begin PBXProject section */
		6FCF7F6A15BCEE9E002644F7 /* Project object */ = {
			isa = PBXProject;
			attributes = {
				LastUpgradeCheck = 0430;
			};
			buildConfigurationList = 6FCF7F6D15BCEE9E002644F7 /* Build configuration list for PBXProject "SGN_Movie_v2" */;
			compatibilityVersion = "Xcode 3.2";
			developmentRegion = English;
			hasScannedForEncodings = 0;
			knownRegions = (
				en,
			);
			mainGroup = 6FCF7F6815BCEE9E002644F7;
			productRefGroup = 6FCF7F7415BCEE9E002644F7 /* Products */;
			projectDirPath = "";
			projectRoot = "";
			targets = (
				6FCF7F7215BCEE9E002644F7 /* SGN_Movie_v2 */,
			);
		};
/* End PBXProject section */

/* Begin PBXResourcesBuildPhase section */
		6FCF7F7115BCEE9E002644F7 /* Resources */ = {
			isa = PBXResourcesBuildPhase;
			buildActionMask = 2147483647;
			files = (
				6FCF7F8215BCEE9E002644F7 /* InfoPlist.strings in Resources */,
				6FC919CA15BE8C0E003E5720 /* movie.png in Resources */,
				6FC919CB15BE8C0E003E5720 /* widescreen.png in Resources */,
				6FC91A1515BE8C6C003E5720 /* CinemasView.xib in Resources */,
				6FC91A1615BE8C6C003E5720 /* MoviesView.xib in Resources */,
				6FC91A2915BE97B7003E5720 /* Background7.jpg in Resources */,
				6FC91A2B15BE97DD003E5720 /* Background8.jpg in Resources */,
			);
			runOnlyForDeploymentPostprocessing = 0;
		};
/* End PBXResourcesBuildPhase section */

/* Begin PBXSourcesBuildPhase section */
		6FCF7F6F15BCEE9E002644F7 /* Sources */ = {
			isa = PBXSourcesBuildPhase;
			buildActionMask = 2147483647;
			files = (
				6FCF7F8415BCEE9E002644F7 /* main.m in Sources */,
				6FCF7F8815BCEE9E002644F7 /* AppDelegate.m in Sources */,
				6FC919CE15BE8C24003E5720 /* JSONKit.m in Sources */,
				6FC919FA15BE8C35003E5720 /* AFHTTPClient.m in Sources */,
				6FC919FB15BE8C35003E5720 /* AFHTTPRequestOperation.m in Sources */,
				6FC919FC15BE8C35003E5720 /* AFImageRequestOperation.m in Sources */,
				6FC919FD15BE8C35003E5720 /* AFJSONRequestOperation.m in Sources */,
				6FC919FE15BE8C35003E5720 /* AFJSONUtilities.m in Sources */,
				6FC919FF15BE8C35003E5720 /* AFNetworkActivityIndicatorManager.m in Sources */,
				6FC91A0015BE8C35003E5720 /* AFPropertyListRequestOperation.m in Sources */,
				6FC91A0115BE8C35003E5720 /* AFURLConnectionOperation.m in Sources */,
				6FC91A0215BE8C35003E5720 /* AFXMLRequestOperation.m in Sources */,
				6FC91A0315BE8C35003E5720 /* UIImageView+AFNetworking.m in Sources */,
				6FC91A0415BE8C35003E5720 /* HJCircularBuffer.m in Sources */,
				6FC91A0515BE8C35003E5720 /* HJManagedImageV.m in Sources */,
				6FC91A0615BE8C35003E5720 /* HJMOBigFileCache.m in Sources */,
				6FC91A0715BE8C35003E5720 /* HJMOFileCache.m in Sources */,
				6FC91A0815BE8C35003E5720 /* HJMOHandler.m in Sources */,
				6FC91A0915BE8C35003E5720 /* HJMOPolicy.m in Sources */,
				6FC91A0A15BE8C35003E5720 /* HJMOUserBase.m in Sources */,
				6FC91A0B15BE8C35003E5720 /* HJObjManager.m in Sources */,
				6FC91A0C15BE8C35003E5720 /* HJWeakMutableArray.m in Sources */,
				6FC91A1115BE8C59003E5720 /* CinemasController.m in Sources */,
				6FC91A1215BE8C59003E5720 /* MoviesController.m in Sources */,
				6FC91A1915BE8C85003E5720 /* HJCache.m in Sources */,
			);
			runOnlyForDeploymentPostprocessing = 0;
		};
/* End PBXSourcesBuildPhase section */

/* Begin PBXVariantGroup section */
		6FCF7F8015BCEE9E002644F7 /* InfoPlist.strings */ = {
			isa = PBXVariantGroup;
			children = (
				6FCF7F8115BCEE9E002644F7 /* en */,
			);
			name = InfoPlist.strings;
			sourceTree = "<group>";
		};
/* End PBXVariantGroup section */

/* Begin XCBuildConfiguration section */
		6FCF7F8F15BCEE9E002644F7 /* Debug */ = {
			isa = XCBuildConfiguration;
			buildSettings = {
				ALWAYS_SEARCH_USER_PATHS = NO;
				ARCHS = "$(ARCHS_STANDARD_32_BIT)";
				"CODE_SIGN_IDENTITY[sdk=iphoneos*]" = "iPhone Developer";
				COPY_PHASE_STRIP = NO;
				GCC_C_LANGUAGE_STANDARD = gnu99;
				GCC_DYNAMIC_NO_PIC = NO;
				GCC_OPTIMIZATION_LEVEL = 0;
				GCC_PREPROCESSOR_DEFINITIONS = (
					"DEBUG=1",
					"$(inherited)",
				);
				GCC_SYMBOLS_PRIVATE_EXTERN = NO;
				GCC_VERSION = com.apple.compilers.llvm.clang.1_0;
				GCC_WARN_ABOUT_RETURN_TYPE = YES;
				GCC_WARN_UNINITIALIZED_AUTOS = YES;
				GCC_WARN_UNUSED_VARIABLE = YES;
				IPHONEOS_DEPLOYMENT_TARGET = 4.3;
				SDKROOT = iphoneos;
			};
			name = Debug;
		};
		6FCF7F9015BCEE9E002644F7 /* Release */ = {
			isa = XCBuildConfiguration;
			buildSettings = {
				ALWAYS_SEARCH_USER_PATHS = NO;
				ARCHS = "$(ARCHS_STANDARD_32_BIT)";
				"CODE_SIGN_IDENTITY[sdk=iphoneos*]" = "iPhone Developer";
				COPY_PHASE_STRIP = YES;
				GCC_C_LANGUAGE_STANDARD = gnu99;
				GCC_VERSION = com.apple.compilers.llvm.clang.1_0;
				GCC_WARN_ABOUT_RETURN_TYPE = YES;
				GCC_WARN_UNINITIALIZED_AUTOS = YES;
				GCC_WARN_UNUSED_VARIABLE = YES;
				IPHONEOS_DEPLOYMENT_TARGET = 4.3;
				OTHER_CFLAGS = "-DNS_BLOCK_ASSERTIONS=1";
				SDKROOT = iphoneos;
				VALIDATE_PRODUCT = YES;
			};
			name = Release;
		};
		6FCF7F9215BCEE9E002644F7 /* Debug */ = {
			isa = XCBuildConfiguration;
			buildSettings = {
				GCC_PRECOMPILE_PREFIX_HEADER = YES;
				GCC_PREFIX_HEADER = "SGN_Movie_v2/SGN_Movie_v2-Prefix.pch";
				INFOPLIST_FILE = "SGN_Movie_v2/SGN_Movie_v2-Info.plist";
				IPHONEOS_DEPLOYMENT_TARGET = 4.3;
				PRODUCT_NAME = "$(TARGET_NAME)";
				WRAPPER_EXTENSION = app;
			};
			name = Debug;
		};
		6FCF7F9315BCEE9E002644F7 /* Release */ = {
			isa = XCBuildConfiguration;
			buildSettings = {
				GCC_PRECOMPILE_PREFIX_HEADER = YES;
				GCC_PREFIX_HEADER = "SGN_Movie_v2/SGN_Movie_v2-Prefix.pch";
				INFOPLIST_FILE = "SGN_Movie_v2/SGN_Movie_v2-Info.plist";
				IPHONEOS_DEPLOYMENT_TARGET = 4.3;
				PRODUCT_NAME = "$(TARGET_NAME)";
				WRAPPER_EXTENSION = app;
			};
			name = Release;
		};
/* End XCBuildConfiguration section */

/* Begin XCConfigurationList section */
		6FCF7F6D15BCEE9E002644F7 /* Build configuration list for PBXProject "SGN_Movie_v2" */ = {
			isa = XCConfigurationList;
			buildConfigurations = (
				6FCF7F8F15BCEE9E002644F7 /* Debug */,
				6FCF7F9015BCEE9E002644F7 /* Release */,
			);
			defaultConfigurationIsVisible = 0;
			defaultConfigurationName = Release;
		};
		6FCF7F9115BCEE9E002644F7 /* Build configuration list for PBXNativeTarget "SGN_Movie_v2" */ = {
			isa = XCConfigurationList;
			buildConfigurations = (
				6FCF7F9215BCEE9E002644F7 /* Debug */,
				6FCF7F9315BCEE9E002644F7 /* Release */,
			);
			defaultConfigurationIsVisible = 0;
			defaultConfigurationName = Release;
		};
/* End XCConfigurationList section */
	};
	rootObject = 6FCF7F6A15BCEE9E002644F7 /* Project object */;
}
