// !$*UTF8*$!
{
	archiveVersion = 1;
	classes = {
	};
	objectVersion = 46;
	objects = {

/* Begin PBXBuildFile section */
		6F420CE815C662F100319B83 /* Default.png in Resources */ = {isa = PBXBuildFile; fileRef = 6F420CE715C662F100319B83 /* Default.png */; };
		6F420D0015C68F5500319B83 /* about.png in Resources */ = {isa = PBXBuildFile; fileRef = 6F420CFF15C68F5500319B83 /* about.png */; };
		6FC7847E15C27AA300A18A34 /* IIViewDeckController.m in Sources */ = {isa = PBXBuildFile; fileRef = 6FC7847B15C27AA300A18A34 /* IIViewDeckController.m */; };
		6FC7847F15C27AA300A18A34 /* WrapController.m in Sources */ = {isa = PBXBuildFile; fileRef = 6FC7847D15C27AA300A18A34 /* WrapController.m */; };
		6FE28E6515C78A6F00BB7A4E /* QuartzCore.framework in Frameworks */ = {isa = PBXBuildFile; fileRef = 6FE28E6415C78A6F00BB7A4E /* QuartzCore.framework */; };
		6FE28E6815C7B38100BB7A4E /* MediaPlayer.framework in Frameworks */ = {isa = PBXBuildFile; fileRef = 6FE28E6715C7B38100BB7A4E /* MediaPlayer.framework */; };
		6FE28E8115C7BD0D00BB7A4E /* AVFoundation.framework in Frameworks */ = {isa = PBXBuildFile; fileRef = 6FE28E8015C7BD0D00BB7A4E /* AVFoundation.framework */; };
		F397E67415C159A100A92874 /* UIKit.framework in Frameworks */ = {isa = PBXBuildFile; fileRef = F397E67315C159A100A92874 /* UIKit.framework */; };
		F397E67615C159A100A92874 /* Foundation.framework in Frameworks */ = {isa = PBXBuildFile; fileRef = F397E67515C159A100A92874 /* Foundation.framework */; };
		F397E67815C159A100A92874 /* CoreGraphics.framework in Frameworks */ = {isa = PBXBuildFile; fileRef = F397E67715C159A100A92874 /* CoreGraphics.framework */; };
		F397E67E15C159A100A92874 /* InfoPlist.strings in Resources */ = {isa = PBXBuildFile; fileRef = F397E67C15C159A100A92874 /* InfoPlist.strings */; };
		F397E68015C159A100A92874 /* main.m in Sources */ = {isa = PBXBuildFile; fileRef = F397E67F15C159A100A92874 /* main.m */; settings = {COMPILER_FLAGS = "-fno-objc-arc"; }; };
		F397E69F15C15B3D00A92874 /* AppDelegate.m in Sources */ = {isa = PBXBuildFile; fileRef = F397E69415C15B3D00A92874 /* AppDelegate.m */; settings = {COMPILER_FLAGS = "-fno-objc-arc"; }; };
		F397E6AF15C15C0700A92874 /* Background7.jpg in Resources */ = {isa = PBXBuildFile; fileRef = F397E6AA15C15C0700A92874 /* Background7.jpg */; };
		F397E6B015C15C0700A92874 /* Background8.jpg in Resources */ = {isa = PBXBuildFile; fileRef = F397E6AB15C15C0700A92874 /* Background8.jpg */; };
		F397E6B115C15C0700A92874 /* Menu.png in Resources */ = {isa = PBXBuildFile; fileRef = F397E6AC15C15C0700A92874 /* Menu.png */; };
		F397E6B215C15C0700A92874 /* movie.png in Resources */ = {isa = PBXBuildFile; fileRef = F397E6AD15C15C0700A92874 /* movie.png */; };
		F397E6B315C15C0700A92874 /* widescreen.png in Resources */ = {isa = PBXBuildFile; fileRef = F397E6AE15C15C0700A92874 /* widescreen.png */; };
		F397E6E415C15CEB00A92874 /* AFHTTPClient.m in Sources */ = {isa = PBXBuildFile; fileRef = F397E6BB15C15CEB00A92874 /* AFHTTPClient.m */; settings = {COMPILER_FLAGS = "-fno-objc-arc"; }; };
		F397E6E515C15CEB00A92874 /* AFHTTPRequestOperation.m in Sources */ = {isa = PBXBuildFile; fileRef = F397E6BD15C15CEB00A92874 /* AFHTTPRequestOperation.m */; settings = {COMPILER_FLAGS = "-fno-objc-arc"; }; };
		F397E6E615C15CEB00A92874 /* AFImageRequestOperation.m in Sources */ = {isa = PBXBuildFile; fileRef = F397E6BF15C15CEB00A92874 /* AFImageRequestOperation.m */; settings = {COMPILER_FLAGS = "-fno-objc-arc"; }; };
		F397E6E715C15CEB00A92874 /* AFJSONRequestOperation.m in Sources */ = {isa = PBXBuildFile; fileRef = F397E6C115C15CEB00A92874 /* AFJSONRequestOperation.m */; settings = {COMPILER_FLAGS = "-fno-objc-arc"; }; };
		F397E6E815C15CEB00A92874 /* AFJSONUtilities.m in Sources */ = {isa = PBXBuildFile; fileRef = F397E6C315C15CEB00A92874 /* AFJSONUtilities.m */; settings = {COMPILER_FLAGS = "-fno-objc-arc"; }; };
		F397E6E915C15CEB00A92874 /* AFNetworkActivityIndicatorManager.m in Sources */ = {isa = PBXBuildFile; fileRef = F397E6C515C15CEB00A92874 /* AFNetworkActivityIndicatorManager.m */; settings = {COMPILER_FLAGS = "-fno-objc-arc"; }; };
		F397E6EA15C15CEB00A92874 /* AFPropertyListRequestOperation.m in Sources */ = {isa = PBXBuildFile; fileRef = F397E6C815C15CEB00A92874 /* AFPropertyListRequestOperation.m */; settings = {COMPILER_FLAGS = "-fno-objc-arc"; }; };
		F397E6EB15C15CEB00A92874 /* AFURLConnectionOperation.m in Sources */ = {isa = PBXBuildFile; fileRef = F397E6CA15C15CEB00A92874 /* AFURLConnectionOperation.m */; settings = {COMPILER_FLAGS = "-fno-objc-arc"; }; };
		F397E6EC15C15CEB00A92874 /* AFXMLRequestOperation.m in Sources */ = {isa = PBXBuildFile; fileRef = F397E6CC15C15CEB00A92874 /* AFXMLRequestOperation.m */; settings = {COMPILER_FLAGS = "-fno-objc-arc"; }; };
		F397E6ED15C15CEB00A92874 /* UIImageView+AFNetworking.m in Sources */ = {isa = PBXBuildFile; fileRef = F397E6CE15C15CEB00A92874 /* UIImageView+AFNetworking.m */; settings = {COMPILER_FLAGS = "-fno-objc-arc"; }; };
		F397E70C15C15D3600A92874 /* HJCircularBuffer.m in Sources */ = {isa = PBXBuildFile; fileRef = F397E6F915C15D3600A92874 /* HJCircularBuffer.m */; settings = {COMPILER_FLAGS = "-fno-objc-arc"; }; };
		F397E70D15C15D3600A92874 /* HJManagedImageV.m in Sources */ = {isa = PBXBuildFile; fileRef = F397E6FB15C15D3600A92874 /* HJManagedImageV.m */; settings = {COMPILER_FLAGS = "-fno-objc-arc"; }; };
		F397E70E15C15D3600A92874 /* HJMOBigFileCache.m in Sources */ = {isa = PBXBuildFile; fileRef = F397E6FE15C15D3600A92874 /* HJMOBigFileCache.m */; settings = {COMPILER_FLAGS = "-fno-objc-arc"; }; };
		F397E70F15C15D3600A92874 /* HJMOFileCache.m in Sources */ = {isa = PBXBuildFile; fileRef = F397E70015C15D3600A92874 /* HJMOFileCache.m */; settings = {COMPILER_FLAGS = "-fno-objc-arc"; }; };
		F397E71015C15D3600A92874 /* HJMOHandler.m in Sources */ = {isa = PBXBuildFile; fileRef = F397E70215C15D3600A92874 /* HJMOHandler.m */; settings = {COMPILER_FLAGS = "-fno-objc-arc"; }; };
		F397E71115C15D3600A92874 /* HJMOPolicy.m in Sources */ = {isa = PBXBuildFile; fileRef = F397E70415C15D3600A92874 /* HJMOPolicy.m */; settings = {COMPILER_FLAGS = "-fno-objc-arc"; }; };
		F397E71215C15D3600A92874 /* HJMOUserBase.m in Sources */ = {isa = PBXBuildFile; fileRef = F397E70715C15D3600A92874 /* HJMOUserBase.m */; settings = {COMPILER_FLAGS = "-fno-objc-arc"; }; };
		F397E71315C15D3600A92874 /* HJObjManager.m in Sources */ = {isa = PBXBuildFile; fileRef = F397E70915C15D3600A92874 /* HJObjManager.m */; settings = {COMPILER_FLAGS = "-fno-objc-arc"; }; };
		F397E71415C15D3600A92874 /* HJWeakMutableArray.m in Sources */ = {isa = PBXBuildFile; fileRef = F397E70B15C15D3600A92874 /* HJWeakMutableArray.m */; settings = {COMPILER_FLAGS = "-fno-objc-arc"; }; };
		F397E72115C1604400A92874 /* HJCache.m in Sources */ = {isa = PBXBuildFile; fileRef = F397E72015C1604400A92874 /* HJCache.m */; settings = {COMPILER_FLAGS = "-fno-objc-arc"; }; };
		F3C24E0E15C7FD380077C801 /* AboutController.m in Sources */ = {isa = PBXBuildFile; fileRef = F3C24DF515C7FD380077C801 /* AboutController.m */; };
		F3C24E0F15C7FD380077C801 /* MovieDetailController.m in Sources */ = {isa = PBXBuildFile; fileRef = F3C24DF815C7FD380077C801 /* MovieDetailController.m */; };
		F3C24E1015C7FD380077C801 /* CinemasController.m in Sources */ = {isa = PBXBuildFile; fileRef = F3C24DFB15C7FD380077C801 /* CinemasController.m */; };
		F3C24E1115C7FD380077C801 /* MoviesController.m in Sources */ = {isa = PBXBuildFile; fileRef = F3C24DFE15C7FD380077C801 /* MoviesController.m */; };
		F3C24E1215C7FD380077C801 /* MenuController.m in Sources */ = {isa = PBXBuildFile; fileRef = F3C24E0115C7FD380077C801 /* MenuController.m */; };
		F3C24E1315C7FD380077C801 /* MovieDetailView.xib in Resources */ = {isa = PBXBuildFile; fileRef = F3C24E0415C7FD380077C801 /* MovieDetailView.xib */; };
		F3C24E1415C7FD380077C801 /* CinemasView.xib in Resources */ = {isa = PBXBuildFile; fileRef = F3C24E0615C7FD380077C801 /* CinemasView.xib */; };
		F3C24E1515C7FD380077C801 /* SGNCinemasListCell.m in Sources */ = {isa = PBXBuildFile; fileRef = F3C24E0815C7FD380077C801 /* SGNCinemasListCell.m */; };
		F3C24E1615C7FD380077C801 /* SGNCinemasListCell.xib in Resources */ = {isa = PBXBuildFile; fileRef = F3C24E0915C7FD380077C801 /* SGNCinemasListCell.xib */; };
		F3C24E1715C7FD380077C801 /* MoviesView.xib in Resources */ = {isa = PBXBuildFile; fileRef = F3C24E0B15C7FD380077C801 /* MoviesView.xib */; };
		F3C24E1815C7FD380077C801 /* MenuView.xib in Resources */ = {isa = PBXBuildFile; fileRef = F3C24E0D15C7FD380077C801 /* MenuView.xib */; };
		F3DDF9A515C2753500A47C57 /* JSONKit.m in Sources */ = {isa = PBXBuildFile; fileRef = F3DDF9A415C2753500A47C57 /* JSONKit.m */; settings = {COMPILER_FLAGS = "-fno-objc-arc"; }; };
/* End PBXBuildFile section */

/* Begin PBXFileReference section */
		6F420CE715C662F100319B83 /* Default.png */ = {isa = PBXFileReference; lastKnownFileType = image.png; path = Default.png; sourceTree = "<group>"; };
		6F420CFF15C68F5500319B83 /* about.png */ = {isa = PBXFileReference; lastKnownFileType = image.png; path = about.png; sourceTree = "<group>"; };
		6FC7847A15C27AA300A18A34 /* IIViewDeckController.h */ = {isa = PBXFileReference; fileEncoding = 4; lastKnownFileType = sourcecode.c.h; path = IIViewDeckController.h; sourceTree = "<group>"; };
		6FC7847B15C27AA300A18A34 /* IIViewDeckController.m */ = {isa = PBXFileReference; fileEncoding = 4; lastKnownFileType = sourcecode.c.objc; path = IIViewDeckController.m; sourceTree = "<group>"; };
		6FC7847C15C27AA300A18A34 /* WrapController.h */ = {isa = PBXFileReference; fileEncoding = 4; lastKnownFileType = sourcecode.c.h; path = WrapController.h; sourceTree = "<group>"; };
		6FC7847D15C27AA300A18A34 /* WrapController.m */ = {isa = PBXFileReference; fileEncoding = 4; lastKnownFileType = sourcecode.c.objc; path = WrapController.m; sourceTree = "<group>"; };
		6FE28E6415C78A6F00BB7A4E /* QuartzCore.framework */ = {isa = PBXFileReference; lastKnownFileType = wrapper.framework; name = QuartzCore.framework; path = System/Library/Frameworks/QuartzCore.framework; sourceTree = SDKROOT; };
		6FE28E6715C7B38100BB7A4E /* MediaPlayer.framework */ = {isa = PBXFileReference; lastKnownFileType = wrapper.framework; name = MediaPlayer.framework; path = System/Library/Frameworks/MediaPlayer.framework; sourceTree = SDKROOT; };
		6FE28E8015C7BD0D00BB7A4E /* AVFoundation.framework */ = {isa = PBXFileReference; lastKnownFileType = wrapper.framework; name = AVFoundation.framework; path = System/Library/Frameworks/AVFoundation.framework; sourceTree = SDKROOT; };
		F397E66F15C159A100A92874 /* SGN_MOVIE_v2.app */ = {isa = PBXFileReference; explicitFileType = wrapper.application; includeInIndex = 0; path = SGN_MOVIE_v2.app; sourceTree = BUILT_PRODUCTS_DIR; };
		F397E67315C159A100A92874 /* UIKit.framework */ = {isa = PBXFileReference; lastKnownFileType = wrapper.framework; name = UIKit.framework; path = System/Library/Frameworks/UIKit.framework; sourceTree = SDKROOT; };
		F397E67515C159A100A92874 /* Foundation.framework */ = {isa = PBXFileReference; lastKnownFileType = wrapper.framework; name = Foundation.framework; path = System/Library/Frameworks/Foundation.framework; sourceTree = SDKROOT; };
		F397E67715C159A100A92874 /* CoreGraphics.framework */ = {isa = PBXFileReference; lastKnownFileType = wrapper.framework; name = CoreGraphics.framework; path = System/Library/Frameworks/CoreGraphics.framework; sourceTree = SDKROOT; };
		F397E67B15C159A100A92874 /* SGN_MOVIE_v2-Info.plist */ = {isa = PBXFileReference; lastKnownFileType = text.plist.xml; path = "SGN_MOVIE_v2-Info.plist"; sourceTree = "<group>"; };
		F397E67D15C159A100A92874 /* en */ = {isa = PBXFileReference; lastKnownFileType = text.plist.strings; name = en; path = en.lproj/InfoPlist.strings; sourceTree = "<group>"; };
		F397E67F15C159A100A92874 /* main.m */ = {isa = PBXFileReference; lastKnownFileType = sourcecode.c.objc; path = main.m; sourceTree = "<group>"; };
		F397E68115C159A100A92874 /* SGN_MOVIE_v2-Prefix.pch */ = {isa = PBXFileReference; lastKnownFileType = sourcecode.c.h; path = "SGN_MOVIE_v2-Prefix.pch"; sourceTree = "<group>"; };
		F397E69315C15B3D00A92874 /* AppDelegate.h */ = {isa = PBXFileReference; fileEncoding = 4; lastKnownFileType = sourcecode.c.h; path = AppDelegate.h; sourceTree = "<group>"; };
		F397E69415C15B3D00A92874 /* AppDelegate.m */ = {isa = PBXFileReference; fileEncoding = 4; lastKnownFileType = sourcecode.c.objc; path = AppDelegate.m; sourceTree = "<group>"; };
		F397E6AA15C15C0700A92874 /* Background7.jpg */ = {isa = PBXFileReference; lastKnownFileType = image.jpeg; path = Background7.jpg; sourceTree = "<group>"; };
		F397E6AB15C15C0700A92874 /* Background8.jpg */ = {isa = PBXFileReference; lastKnownFileType = image.jpeg; path = Background8.jpg; sourceTree = "<group>"; };
		F397E6AC15C15C0700A92874 /* Menu.png */ = {isa = PBXFileReference; lastKnownFileType = image.png; path = Menu.png; sourceTree = "<group>"; };
		F397E6AD15C15C0700A92874 /* movie.png */ = {isa = PBXFileReference; lastKnownFileType = image.png; path = movie.png; sourceTree = "<group>"; };
		F397E6AE15C15C0700A92874 /* widescreen.png */ = {isa = PBXFileReference; lastKnownFileType = image.png; path = widescreen.png; sourceTree = "<group>"; };
		F397E6BA15C15CEB00A92874 /* AFHTTPClient.h */ = {isa = PBXFileReference; fileEncoding = 4; lastKnownFileType = sourcecode.c.h; path = AFHTTPClient.h; sourceTree = "<group>"; };
		F397E6BB15C15CEB00A92874 /* AFHTTPClient.m */ = {isa = PBXFileReference; fileEncoding = 4; lastKnownFileType = sourcecode.c.objc; path = AFHTTPClient.m; sourceTree = "<group>"; };
		F397E6BC15C15CEB00A92874 /* AFHTTPRequestOperation.h */ = {isa = PBXFileReference; fileEncoding = 4; lastKnownFileType = sourcecode.c.h; path = AFHTTPRequestOperation.h; sourceTree = "<group>"; };
		F397E6BD15C15CEB00A92874 /* AFHTTPRequestOperation.m */ = {isa = PBXFileReference; fileEncoding = 4; lastKnownFileType = sourcecode.c.objc; path = AFHTTPRequestOperation.m; sourceTree = "<group>"; };
		F397E6BE15C15CEB00A92874 /* AFImageRequestOperation.h */ = {isa = PBXFileReference; fileEncoding = 4; lastKnownFileType = sourcecode.c.h; path = AFImageRequestOperation.h; sourceTree = "<group>"; };
		F397E6BF15C15CEB00A92874 /* AFImageRequestOperation.m */ = {isa = PBXFileReference; fileEncoding = 4; lastKnownFileType = sourcecode.c.objc; path = AFImageRequestOperation.m; sourceTree = "<group>"; };
		F397E6C015C15CEB00A92874 /* AFJSONRequestOperation.h */ = {isa = PBXFileReference; fileEncoding = 4; lastKnownFileType = sourcecode.c.h; path = AFJSONRequestOperation.h; sourceTree = "<group>"; };
		F397E6C115C15CEB00A92874 /* AFJSONRequestOperation.m */ = {isa = PBXFileReference; fileEncoding = 4; lastKnownFileType = sourcecode.c.objc; path = AFJSONRequestOperation.m; sourceTree = "<group>"; };
		F397E6C215C15CEB00A92874 /* AFJSONUtilities.h */ = {isa = PBXFileReference; fileEncoding = 4; lastKnownFileType = sourcecode.c.h; path = AFJSONUtilities.h; sourceTree = "<group>"; };
		F397E6C315C15CEB00A92874 /* AFJSONUtilities.m */ = {isa = PBXFileReference; fileEncoding = 4; lastKnownFileType = sourcecode.c.objc; path = AFJSONUtilities.m; sourceTree = "<group>"; };
		F397E6C415C15CEB00A92874 /* AFNetworkActivityIndicatorManager.h */ = {isa = PBXFileReference; fileEncoding = 4; lastKnownFileType = sourcecode.c.h; path = AFNetworkActivityIndicatorManager.h; sourceTree = "<group>"; };
		F397E6C515C15CEB00A92874 /* AFNetworkActivityIndicatorManager.m */ = {isa = PBXFileReference; fileEncoding = 4; lastKnownFileType = sourcecode.c.objc; path = AFNetworkActivityIndicatorManager.m; sourceTree = "<group>"; };
		F397E6C615C15CEB00A92874 /* AFNetworking.h */ = {isa = PBXFileReference; fileEncoding = 4; lastKnownFileType = sourcecode.c.h; path = AFNetworking.h; sourceTree = "<group>"; };
		F397E6C715C15CEB00A92874 /* AFPropertyListRequestOperation.h */ = {isa = PBXFileReference; fileEncoding = 4; lastKnownFileType = sourcecode.c.h; path = AFPropertyListRequestOperation.h; sourceTree = "<group>"; };
		F397E6C815C15CEB00A92874 /* AFPropertyListRequestOperation.m */ = {isa = PBXFileReference; fileEncoding = 4; lastKnownFileType = sourcecode.c.objc; path = AFPropertyListRequestOperation.m; sourceTree = "<group>"; };
		F397E6C915C15CEB00A92874 /* AFURLConnectionOperation.h */ = {isa = PBXFileReference; fileEncoding = 4; lastKnownFileType = sourcecode.c.h; path = AFURLConnectionOperation.h; sourceTree = "<group>"; };
		F397E6CA15C15CEB00A92874 /* AFURLConnectionOperation.m */ = {isa = PBXFileReference; fileEncoding = 4; lastKnownFileType = sourcecode.c.objc; path = AFURLConnectionOperation.m; sourceTree = "<group>"; };
		F397E6CB15C15CEB00A92874 /* AFXMLRequestOperation.h */ = {isa = PBXFileReference; fileEncoding = 4; lastKnownFileType = sourcecode.c.h; path = AFXMLRequestOperation.h; sourceTree = "<group>"; };
		F397E6CC15C15CEB00A92874 /* AFXMLRequestOperation.m */ = {isa = PBXFileReference; fileEncoding = 4; lastKnownFileType = sourcecode.c.objc; path = AFXMLRequestOperation.m; sourceTree = "<group>"; };
		F397E6CD15C15CEB00A92874 /* UIImageView+AFNetworking.h */ = {isa = PBXFileReference; fileEncoding = 4; lastKnownFileType = sourcecode.c.h; path = "UIImageView+AFNetworking.h"; sourceTree = "<group>"; };
		F397E6CE15C15CEB00A92874 /* UIImageView+AFNetworking.m */ = {isa = PBXFileReference; fileEncoding = 4; lastKnownFileType = sourcecode.c.objc; path = "UIImageView+AFNetworking.m"; sourceTree = "<group>"; };
		F397E6F815C15D3600A92874 /* HJCircularBuffer.h */ = {isa = PBXFileReference; fileEncoding = 4; lastKnownFileType = sourcecode.c.h; path = HJCircularBuffer.h; sourceTree = "<group>"; };
		F397E6F915C15D3600A92874 /* HJCircularBuffer.m */ = {isa = PBXFileReference; fileEncoding = 4; lastKnownFileType = sourcecode.c.objc; path = HJCircularBuffer.m; sourceTree = "<group>"; };
		F397E6FA15C15D3600A92874 /* HJManagedImageV.h */ = {isa = PBXFileReference; fileEncoding = 4; lastKnownFileType = sourcecode.c.h; path = HJManagedImageV.h; sourceTree = "<group>"; };
		F397E6FB15C15D3600A92874 /* HJManagedImageV.m */ = {isa = PBXFileReference; fileEncoding = 4; lastKnownFileType = sourcecode.c.objc; path = HJManagedImageV.m; sourceTree = "<group>"; };
		F397E6FC15C15D3600A92874 /* HJManagedImageVDelegate.h */ = {isa = PBXFileReference; fileEncoding = 4; lastKnownFileType = sourcecode.c.h; path = HJManagedImageVDelegate.h; sourceTree = "<group>"; };
		F397E6FD15C15D3600A92874 /* HJMOBigFileCache.h */ = {isa = PBXFileReference; fileEncoding = 4; lastKnownFileType = sourcecode.c.h; path = HJMOBigFileCache.h; sourceTree = "<group>"; };
		F397E6FE15C15D3600A92874 /* HJMOBigFileCache.m */ = {isa = PBXFileReference; fileEncoding = 4; lastKnownFileType = sourcecode.c.objc; path = HJMOBigFileCache.m; sourceTree = "<group>"; };
		F397E6FF15C15D3600A92874 /* HJMOFileCache.h */ = {isa = PBXFileReference; fileEncoding = 4; lastKnownFileType = sourcecode.c.h; path = HJMOFileCache.h; sourceTree = "<group>"; };
		F397E70015C15D3600A92874 /* HJMOFileCache.m */ = {isa = PBXFileReference; fileEncoding = 4; lastKnownFileType = sourcecode.c.objc; path = HJMOFileCache.m; sourceTree = "<group>"; };
		F397E70115C15D3600A92874 /* HJMOHandler.h */ = {isa = PBXFileReference; fileEncoding = 4; lastKnownFileType = sourcecode.c.h; path = HJMOHandler.h; sourceTree = "<group>"; };
		F397E70215C15D3600A92874 /* HJMOHandler.m */ = {isa = PBXFileReference; fileEncoding = 4; lastKnownFileType = sourcecode.c.objc; path = HJMOHandler.m; sourceTree = "<group>"; };
		F397E70315C15D3600A92874 /* HJMOPolicy.h */ = {isa = PBXFileReference; fileEncoding = 4; lastKnownFileType = sourcecode.c.h; path = HJMOPolicy.h; sourceTree = "<group>"; };
		F397E70415C15D3600A92874 /* HJMOPolicy.m */ = {isa = PBXFileReference; fileEncoding = 4; lastKnownFileType = sourcecode.c.objc; path = HJMOPolicy.m; sourceTree = "<group>"; };
		F397E70515C15D3600A92874 /* HJMOUser.h */ = {isa = PBXFileReference; fileEncoding = 4; lastKnownFileType = sourcecode.c.h; path = HJMOUser.h; sourceTree = "<group>"; };
		F397E70615C15D3600A92874 /* HJMOUserBase.h */ = {isa = PBXFileReference; fileEncoding = 4; lastKnownFileType = sourcecode.c.h; path = HJMOUserBase.h; sourceTree = "<group>"; };
		F397E70715C15D3600A92874 /* HJMOUserBase.m */ = {isa = PBXFileReference; fileEncoding = 4; lastKnownFileType = sourcecode.c.objc; path = HJMOUserBase.m; sourceTree = "<group>"; };
		F397E70815C15D3600A92874 /* HJObjManager.h */ = {isa = PBXFileReference; fileEncoding = 4; lastKnownFileType = sourcecode.c.h; path = HJObjManager.h; sourceTree = "<group>"; };
		F397E70915C15D3600A92874 /* HJObjManager.m */ = {isa = PBXFileReference; fileEncoding = 4; lastKnownFileType = sourcecode.c.objc; path = HJObjManager.m; sourceTree = "<group>"; };
		F397E70A15C15D3600A92874 /* HJWeakMutableArray.h */ = {isa = PBXFileReference; fileEncoding = 4; lastKnownFileType = sourcecode.c.h; path = HJWeakMutableArray.h; sourceTree = "<group>"; };
		F397E70B15C15D3600A92874 /* HJWeakMutableArray.m */ = {isa = PBXFileReference; fileEncoding = 4; lastKnownFileType = sourcecode.c.objc; path = HJWeakMutableArray.m; sourceTree = "<group>"; };
		F397E71F15C1604400A92874 /* HJCache.h */ = {isa = PBXFileReference; fileEncoding = 4; lastKnownFileType = sourcecode.c.h; path = HJCache.h; sourceTree = "<group>"; };
		F397E72015C1604400A92874 /* HJCache.m */ = {isa = PBXFileReference; fileEncoding = 4; lastKnownFileType = sourcecode.c.objc; path = HJCache.m; sourceTree = "<group>"; };
		F3C24DF415C7FD380077C801 /* AboutController.h */ = {isa = PBXFileReference; fileEncoding = 4; lastKnownFileType = sourcecode.c.h; path = AboutController.h; sourceTree = "<group>"; };
		F3C24DF515C7FD380077C801 /* AboutController.m */ = {isa = PBXFileReference; fileEncoding = 4; lastKnownFileType = sourcecode.c.objc; path = AboutController.m; sourceTree = "<group>"; };
		F3C24DF715C7FD380077C801 /* MovieDetailController.h */ = {isa = PBXFileReference; fileEncoding = 4; lastKnownFileType = sourcecode.c.h; path = MovieDetailController.h; sourceTree = "<group>"; };
		F3C24DF815C7FD380077C801 /* MovieDetailController.m */ = {isa = PBXFileReference; fileEncoding = 4; lastKnownFileType = sourcecode.c.objc; path = MovieDetailController.m; sourceTree = "<group>"; };
		F3C24DFA15C7FD380077C801 /* CinemasController.h */ = {isa = PBXFileReference; fileEncoding = 4; lastKnownFileType = sourcecode.c.h; path = CinemasController.h; sourceTree = "<group>"; };
		F3C24DFB15C7FD380077C801 /* CinemasController.m */ = {isa = PBXFileReference; fileEncoding = 4; lastKnownFileType = sourcecode.c.objc; path = CinemasController.m; sourceTree = "<group>"; };
		F3C24DFD15C7FD380077C801 /* MoviesController.h */ = {isa = PBXFileReference; fileEncoding = 4; lastKnownFileType = sourcecode.c.h; path = MoviesController.h; sourceTree = "<group>"; };
		F3C24DFE15C7FD380077C801 /* MoviesController.m */ = {isa = PBXFileReference; fileEncoding = 4; lastKnownFileType = sourcecode.c.objc; path = MoviesController.m; sourceTree = "<group>"; };
		F3C24E0015C7FD380077C801 /* MenuController.h */ = {isa = PBXFileReference; fileEncoding = 4; lastKnownFileType = sourcecode.c.h; path = MenuController.h; sourceTree = "<group>"; };
		F3C24E0115C7FD380077C801 /* MenuController.m */ = {isa = PBXFileReference; fileEncoding = 4; lastKnownFileType = sourcecode.c.objc; path = MenuController.m; sourceTree = "<group>"; };
		F3C24E0415C7FD380077C801 /* MovieDetailView.xib */ = {isa = PBXFileReference; fileEncoding = 4; lastKnownFileType = file.xib; path = MovieDetailView.xib; sourceTree = "<group>"; };
		F3C24E0615C7FD380077C801 /* CinemasView.xib */ = {isa = PBXFileReference; fileEncoding = 4; lastKnownFileType = file.xib; path = CinemasView.xib; sourceTree = "<group>"; };
		F3C24E0715C7FD380077C801 /* SGNCinemasListCell.h */ = {isa = PBXFileReference; fileEncoding = 4; lastKnownFileType = sourcecode.c.h; path = SGNCinemasListCell.h; sourceTree = "<group>"; };
		F3C24E0815C7FD380077C801 /* SGNCinemasListCell.m */ = {isa = PBXFileReference; fileEncoding = 4; lastKnownFileType = sourcecode.c.objc; path = SGNCinemasListCell.m; sourceTree = "<group>"; };
		F3C24E0915C7FD380077C801 /* SGNCinemasListCell.xib */ = {isa = PBXFileReference; fileEncoding = 4; lastKnownFileType = file.xib; path = SGNCinemasListCell.xib; sourceTree = "<group>"; };
		F3C24E0B15C7FD380077C801 /* MoviesView.xib */ = {isa = PBXFileReference; fileEncoding = 4; lastKnownFileType = file.xib; path = MoviesView.xib; sourceTree = "<group>"; };
		F3C24E0D15C7FD380077C801 /* MenuView.xib */ = {isa = PBXFileReference; fileEncoding = 4; lastKnownFileType = file.xib; path = MenuView.xib; sourceTree = "<group>"; };
		F3DDF9A315C2753500A47C57 /* JSONKit.h */ = {isa = PBXFileReference; fileEncoding = 4; lastKnownFileType = sourcecode.c.h; path = JSONKit.h; sourceTree = "<group>"; };
		F3DDF9A415C2753500A47C57 /* JSONKit.m */ = {isa = PBXFileReference; fileEncoding = 4; lastKnownFileType = sourcecode.c.objc; path = JSONKit.m; sourceTree = "<group>"; };
/* End PBXFileReference section */

/* Begin PBXFrameworksBuildPhase section */
		F397E66C15C159A100A92874 /* Frameworks */ = {
			isa = PBXFrameworksBuildPhase;
			buildActionMask = 2147483647;
			files = (
				6FE28E8115C7BD0D00BB7A4E /* AVFoundation.framework in Frameworks */,
				6FE28E6815C7B38100BB7A4E /* MediaPlayer.framework in Frameworks */,
				6FE28E6515C78A6F00BB7A4E /* QuartzCore.framework in Frameworks */,
				F397E67415C159A100A92874 /* UIKit.framework in Frameworks */,
				F397E67615C159A100A92874 /* Foundation.framework in Frameworks */,
				F397E67815C159A100A92874 /* CoreGraphics.framework in Frameworks */,
			);
			runOnlyForDeploymentPostprocessing = 0;
		};
/* End PBXFrameworksBuildPhase section */

/* Begin PBXGroup section */
		6FC7847915C27AA300A18A34 /* ViewDeck */ = {
			isa = PBXGroup;
			children = (
				6FC7847A15C27AA300A18A34 /* IIViewDeckController.h */,
				6FC7847B15C27AA300A18A34 /* IIViewDeckController.m */,
				6FC7847C15C27AA300A18A34 /* WrapController.h */,
				6FC7847D15C27AA300A18A34 /* WrapController.m */,
			);
			path = ViewDeck;
			sourceTree = "<group>";
		};
		F397E66415C159A000A92874 = {
			isa = PBXGroup;
			children = (
				F397E67915C159A100A92874 /* SGN_MOVIE_v2 */,
				F397E67215C159A100A92874 /* Frameworks */,
				F397E67015C159A100A92874 /* Products */,
			);
			sourceTree = "<group>";
		};
		F397E67015C159A100A92874 /* Products */ = {
			isa = PBXGroup;
			children = (
				F397E66F15C159A100A92874 /* SGN_MOVIE_v2.app */,
			);
			name = Products;
			sourceTree = "<group>";
		};
		F397E67215C159A100A92874 /* Frameworks */ = {
			isa = PBXGroup;
			children = (
				6FE28E8015C7BD0D00BB7A4E /* AVFoundation.framework */,
				6FE28E6715C7B38100BB7A4E /* MediaPlayer.framework */,
				6FE28E6415C78A6F00BB7A4E /* QuartzCore.framework */,
				F397E67315C159A100A92874 /* UIKit.framework */,
				F397E67515C159A100A92874 /* Foundation.framework */,
				F397E67715C159A100A92874 /* CoreGraphics.framework */,
			);
			name = Frameworks;
			sourceTree = "<group>";
		};
		F397E67915C159A100A92874 /* SGN_MOVIE_v2 */ = {
			isa = PBXGroup;
			children = (
				F397E69215C15B3D00A92874 /* iPhone */,
				F397E69A15C15B3D00A92874 /* Resource */,
				F397E69E15C15B3D00A92874 /* Shared */,
				F397E67A15C159A100A92874 /* Supporting Files */,
			);
			path = SGN_MOVIE_v2;
			sourceTree = "<group>";
		};
		F397E67A15C159A100A92874 /* Supporting Files */ = {
			isa = PBXGroup;
			children = (
				F397E67B15C159A100A92874 /* SGN_MOVIE_v2-Info.plist */,
				F397E67C15C159A100A92874 /* InfoPlist.strings */,
				F397E67F15C159A100A92874 /* main.m */,
				F397E68115C159A100A92874 /* SGN_MOVIE_v2-Prefix.pch */,
			);
			name = "Supporting Files";
			sourceTree = "<group>";
		};
		F397E69215C15B3D00A92874 /* iPhone */ = {
			isa = PBXGroup;
			children = (
				F3C24DF215C7FD380077C801 /* Controllers */,
				F3C24E0215C7FD380077C801 /* Views */,
				F397E69315C15B3D00A92874 /* AppDelegate.h */,
				F397E69415C15B3D00A92874 /* AppDelegate.m */,
			);
			path = iPhone;
			sourceTree = "<group>";
		};
		F397E69A15C15B3D00A92874 /* Resource */ = {
			isa = PBXGroup;
			children = (
				F397E69B15C15B3D00A92874 /* images */,
				F397E69C15C15B3D00A92874 /* sounds */,
				F397E69D15C15B3D00A92874 /* videos */,
			);
			path = Resource;
			sourceTree = "<group>";
		};
		F397E69B15C15B3D00A92874 /* images */ = {
			isa = PBXGroup;
			children = (
				6F420CFF15C68F5500319B83 /* about.png */,
				6F420CE715C662F100319B83 /* Default.png */,
				F397E6AA15C15C0700A92874 /* Background7.jpg */,
				F397E6AB15C15C0700A92874 /* Background8.jpg */,
				F397E6AC15C15C0700A92874 /* Menu.png */,
				F397E6AD15C15C0700A92874 /* movie.png */,
				F397E6AE15C15C0700A92874 /* widescreen.png */,
			);
			path = images;
			sourceTree = "<group>";
		};
		F397E69C15C15B3D00A92874 /* sounds */ = {
			isa = PBXGroup;
			children = (
			);
			path = sounds;
			sourceTree = "<group>";
		};
		F397E69D15C15B3D00A92874 /* videos */ = {
			isa = PBXGroup;
			children = (
			);
			path = videos;
			sourceTree = "<group>";
		};
		F397E69E15C15B3D00A92874 /* Shared */ = {
			isa = PBXGroup;
			children = (
				F397E6B415C15C5700A92874 /* Libs */,
			);
			path = Shared;
			sourceTree = "<group>";
		};
		F397E6B415C15C5700A92874 /* Libs */ = {
			isa = PBXGroup;
			children = (
				6FC7847915C27AA300A18A34 /* ViewDeck */,
				F3DDF9A215C2753500A47C57 /* JSONKit */,
				F397E6F715C15D3600A92874 /* HJCache */,
				F397E6B915C15CEB00A92874 /* AFNetworking */,
			);
			path = Libs;
			sourceTree = "<group>";
		};
		F397E6B915C15CEB00A92874 /* AFNetworking */ = {
			isa = PBXGroup;
			children = (
				F397E6BA15C15CEB00A92874 /* AFHTTPClient.h */,
				F397E6BB15C15CEB00A92874 /* AFHTTPClient.m */,
				F397E6BC15C15CEB00A92874 /* AFHTTPRequestOperation.h */,
				F397E6BD15C15CEB00A92874 /* AFHTTPRequestOperation.m */,
				F397E6BE15C15CEB00A92874 /* AFImageRequestOperation.h */,
				F397E6BF15C15CEB00A92874 /* AFImageRequestOperation.m */,
				F397E6C015C15CEB00A92874 /* AFJSONRequestOperation.h */,
				F397E6C115C15CEB00A92874 /* AFJSONRequestOperation.m */,
				F397E6C215C15CEB00A92874 /* AFJSONUtilities.h */,
				F397E6C315C15CEB00A92874 /* AFJSONUtilities.m */,
				F397E6C415C15CEB00A92874 /* AFNetworkActivityIndicatorManager.h */,
				F397E6C515C15CEB00A92874 /* AFNetworkActivityIndicatorManager.m */,
				F397E6C615C15CEB00A92874 /* AFNetworking.h */,
				F397E6C715C15CEB00A92874 /* AFPropertyListRequestOperation.h */,
				F397E6C815C15CEB00A92874 /* AFPropertyListRequestOperation.m */,
				F397E6C915C15CEB00A92874 /* AFURLConnectionOperation.h */,
				F397E6CA15C15CEB00A92874 /* AFURLConnectionOperation.m */,
				F397E6CB15C15CEB00A92874 /* AFXMLRequestOperation.h */,
				F397E6CC15C15CEB00A92874 /* AFXMLRequestOperation.m */,
				F397E6CD15C15CEB00A92874 /* UIImageView+AFNetworking.h */,
				F397E6CE15C15CEB00A92874 /* UIImageView+AFNetworking.m */,
			);
			path = AFNetworking;
			sourceTree = "<group>";
		};
		F397E6F715C15D3600A92874 /* HJCache */ = {
			isa = PBXGroup;
			children = (
				F397E71F15C1604400A92874 /* HJCache.h */,
				F397E72015C1604400A92874 /* HJCache.m */,
				F397E6F815C15D3600A92874 /* HJCircularBuffer.h */,
				F397E6F915C15D3600A92874 /* HJCircularBuffer.m */,
				F397E6FA15C15D3600A92874 /* HJManagedImageV.h */,
				F397E6FB15C15D3600A92874 /* HJManagedImageV.m */,
				F397E6FC15C15D3600A92874 /* HJManagedImageVDelegate.h */,
				F397E6FD15C15D3600A92874 /* HJMOBigFileCache.h */,
				F397E6FE15C15D3600A92874 /* HJMOBigFileCache.m */,
				F397E6FF15C15D3600A92874 /* HJMOFileCache.h */,
				F397E70015C15D3600A92874 /* HJMOFileCache.m */,
				F397E70115C15D3600A92874 /* HJMOHandler.h */,
				F397E70215C15D3600A92874 /* HJMOHandler.m */,
				F397E70315C15D3600A92874 /* HJMOPolicy.h */,
				F397E70415C15D3600A92874 /* HJMOPolicy.m */,
				F397E70515C15D3600A92874 /* HJMOUser.h */,
				F397E70615C15D3600A92874 /* HJMOUserBase.h */,
				F397E70715C15D3600A92874 /* HJMOUserBase.m */,
				F397E70815C15D3600A92874 /* HJObjManager.h */,
				F397E70915C15D3600A92874 /* HJObjManager.m */,
				F397E70A15C15D3600A92874 /* HJWeakMutableArray.h */,
				F397E70B15C15D3600A92874 /* HJWeakMutableArray.m */,
			);
			path = HJCache;
			sourceTree = "<group>";
		};
		F3C24DF215C7FD380077C801 /* Controllers */ = {
			isa = PBXGroup;
			children = (
				F3C24DF315C7FD380077C801 /* About */,
				F3C24DF615C7FD380077C801 /* Detail Movie */,
				F3C24DF915C7FD380077C801 /* List Cinemas */,
				F3C24DFC15C7FD380077C801 /* List Movies */,
				F3C24DFF15C7FD380077C801 /* Menu */,
			);
			path = Controllers;
			sourceTree = "<group>";
		};
		F3C24DF315C7FD380077C801 /* About */ = {
			isa = PBXGroup;
			children = (
				F3C24DF415C7FD380077C801 /* AboutController.h */,
				F3C24DF515C7FD380077C801 /* AboutController.m */,
			);
			path = About;
			sourceTree = "<group>";
		};
		F3C24DF615C7FD380077C801 /* Detail Movie */ = {
			isa = PBXGroup;
			children = (
				F3C24DF715C7FD380077C801 /* MovieDetailController.h */,
				F3C24DF815C7FD380077C801 /* MovieDetailController.m */,
			);
			path = "Detail Movie";
			sourceTree = "<group>";
		};
		F3C24DF915C7FD380077C801 /* List Cinemas */ = {
			isa = PBXGroup;
			children = (
				F3C24DFA15C7FD380077C801 /* CinemasController.h */,
				F3C24DFB15C7FD380077C801 /* CinemasController.m */,
			);
			path = "List Cinemas";
			sourceTree = "<group>";
		};
		F3C24DFC15C7FD380077C801 /* List Movies */ = {
			isa = PBXGroup;
			children = (
				F3C24DFD15C7FD380077C801 /* MoviesController.h */,
				F3C24DFE15C7FD380077C801 /* MoviesController.m */,
			);
			path = "List Movies";
			sourceTree = "<group>";
		};
		F3C24DFF15C7FD380077C801 /* Menu */ = {
			isa = PBXGroup;
			children = (
				F3C24E0015C7FD380077C801 /* MenuController.h */,
				F3C24E0115C7FD380077C801 /* MenuController.m */,
			);
			path = Menu;
			sourceTree = "<group>";
		};
		F3C24E0215C7FD380077C801 /* Views */ = {
			isa = PBXGroup;
			children = (
				F3C24E0315C7FD380077C801 /* Detail Movie */,
				F3C24E0515C7FD380077C801 /* List Cinemas */,
				F3C24E0A15C7FD380077C801 /* List Movies  */,
				F3C24E0C15C7FD380077C801 /* Menu */,
			);
			path = Views;
			sourceTree = "<group>";
		};
		F3C24E0315C7FD380077C801 /* Detail Movie */ = {
			isa = PBXGroup;
			children = (
				F3C24E0415C7FD380077C801 /* MovieDetailView.xib */,
			);
			path = "Detail Movie";
			sourceTree = "<group>";
		};
		F3C24E0515C7FD380077C801 /* List Cinemas */ = {
			isa = PBXGroup;
			children = (
				F3C24E0615C7FD380077C801 /* CinemasView.xib */,
				F3C24E0715C7FD380077C801 /* SGNCinemasListCell.h */,
				F3C24E0815C7FD380077C801 /* SGNCinemasListCell.m */,
				F3C24E0915C7FD380077C801 /* SGNCinemasListCell.xib */,
			);
			path = "List Cinemas";
			sourceTree = "<group>";
		};
		F3C24E0A15C7FD380077C801 /* List Movies  */ = {
			isa = PBXGroup;
			children = (
				F3C24E0B15C7FD380077C801 /* MoviesView.xib */,
			);
			path = "List Movies ";
			sourceTree = "<group>";
		};
		F3C24E0C15C7FD380077C801 /* Menu */ = {
			isa = PBXGroup;
			children = (
				F3C24E0D15C7FD380077C801 /* MenuView.xib */,
			);
			path = Menu;
			sourceTree = "<group>";
		};
		F3DDF9A215C2753500A47C57 /* JSONKit */ = {
			isa = PBXGroup;
			children = (
				F3DDF9A315C2753500A47C57 /* JSONKit.h */,
				F3DDF9A415C2753500A47C57 /* JSONKit.m */,
			);
			path = JSONKit;
			sourceTree = "<group>";
		};
/* End PBXGroup section */

/* Begin PBXNativeTarget section */
		F397E66E15C159A100A92874 /* SGN_MOVIE_v2 */ = {
			isa = PBXNativeTarget;
			buildConfigurationList = F397E68D15C159A100A92874 /* Build configuration list for PBXNativeTarget "SGN_MOVIE_v2" */;
			buildPhases = (
				F397E66B15C159A100A92874 /* Sources */,
				F397E66C15C159A100A92874 /* Frameworks */,
				F397E66D15C159A100A92874 /* Resources */,
			);
			buildRules = (
			);
			dependencies = (
			);
			name = SGN_MOVIE_v2;
			productName = SGN_MOVIE_v2;
			productReference = F397E66F15C159A100A92874 /* SGN_MOVIE_v2.app */;
			productType = "com.apple.product-type.application";
		};
/* End PBXNativeTarget section */

/* Begin PBXProject section */
		F397E66615C159A000A92874 /* Project object */ = {
			isa = PBXProject;
			attributes = {
				LastUpgradeCheck = 0430;
			};
			buildConfigurationList = F397E66915C159A000A92874 /* Build configuration list for PBXProject "SGN_MOVIE_v2" */;
			compatibilityVersion = "Xcode 3.2";
			developmentRegion = English;
			hasScannedForEncodings = 0;
			knownRegions = (
				en,
			);
			mainGroup = F397E66415C159A000A92874;
			productRefGroup = F397E67015C159A100A92874 /* Products */;
			projectDirPath = "";
			projectRoot = "";
			targets = (
				F397E66E15C159A100A92874 /* SGN_MOVIE_v2 */,
			);
		};
/* End PBXProject section */

/* Begin PBXResourcesBuildPhase section */
		F397E66D15C159A100A92874 /* Resources */ = {
			isa = PBXResourcesBuildPhase;
			buildActionMask = 2147483647;
			files = (
				F397E67E15C159A100A92874 /* InfoPlist.strings in Resources */,
				F397E6AF15C15C0700A92874 /* Background7.jpg in Resources */,
				F397E6B015C15C0700A92874 /* Background8.jpg in Resources */,
				F397E6B115C15C0700A92874 /* Menu.png in Resources */,
				F397E6B215C15C0700A92874 /* movie.png in Resources */,
				F397E6B315C15C0700A92874 /* widescreen.png in Resources */,
				6F420CE815C662F100319B83 /* Default.png in Resources */,
				6F420D0015C68F5500319B83 /* about.png in Resources */,
				F3C24E1315C7FD380077C801 /* MovieDetailView.xib in Resources */,
				F3C24E1415C7FD380077C801 /* CinemasView.xib in Resources */,
				F3C24E1615C7FD380077C801 /* SGNCinemasListCell.xib in Resources */,
				F3C24E1715C7FD380077C801 /* MoviesView.xib in Resources */,
				F3C24E1815C7FD380077C801 /* MenuView.xib in Resources */,
			);
			runOnlyForDeploymentPostprocessing = 0;
		};
/* End PBXResourcesBuildPhase section */

/* Begin PBXSourcesBuildPhase section */
		F397E66B15C159A100A92874 /* Sources */ = {
			isa = PBXSourcesBuildPhase;
			buildActionMask = 2147483647;
			files = (
				F397E68015C159A100A92874 /* main.m in Sources */,
				F397E69F15C15B3D00A92874 /* AppDelegate.m in Sources */,
				F397E6E415C15CEB00A92874 /* AFHTTPClient.m in Sources */,
				F397E6E515C15CEB00A92874 /* AFHTTPRequestOperation.m in Sources */,
				F397E6E615C15CEB00A92874 /* AFImageRequestOperation.m in Sources */,
				F397E6E715C15CEB00A92874 /* AFJSONRequestOperation.m in Sources */,
				F397E6E815C15CEB00A92874 /* AFJSONUtilities.m in Sources */,
				F397E6E915C15CEB00A92874 /* AFNetworkActivityIndicatorManager.m in Sources */,
				F397E6EA15C15CEB00A92874 /* AFPropertyListRequestOperation.m in Sources */,
				F397E6EB15C15CEB00A92874 /* AFURLConnectionOperation.m in Sources */,
				F397E6EC15C15CEB00A92874 /* AFXMLRequestOperation.m in Sources */,
				F397E6ED15C15CEB00A92874 /* UIImageView+AFNetworking.m in Sources */,
				F397E70C15C15D3600A92874 /* HJCircularBuffer.m in Sources */,
				F397E70D15C15D3600A92874 /* HJManagedImageV.m in Sources */,
				F397E70E15C15D3600A92874 /* HJMOBigFileCache.m in Sources */,
				F397E70F15C15D3600A92874 /* HJMOFileCache.m in Sources */,
				F397E71015C15D3600A92874 /* HJMOHandler.m in Sources */,
				F397E71115C15D3600A92874 /* HJMOPolicy.m in Sources */,
				F397E71215C15D3600A92874 /* HJMOUserBase.m in Sources */,
				F397E71315C15D3600A92874 /* HJObjManager.m in Sources */,
				F397E71415C15D3600A92874 /* HJWeakMutableArray.m in Sources */,
				F397E72115C1604400A92874 /* HJCache.m in Sources */,
				F3DDF9A515C2753500A47C57 /* JSONKit.m in Sources */,
				6FC7847E15C27AA300A18A34 /* IIViewDeckController.m in Sources */,
				6FC7847F15C27AA300A18A34 /* WrapController.m in Sources */,
				F3C24E0E15C7FD380077C801 /* AboutController.m in Sources */,
				F3C24E0F15C7FD380077C801 /* MovieDetailController.m in Sources */,
				F3C24E1015C7FD380077C801 /* CinemasController.m in Sources */,
				F3C24E1115C7FD380077C801 /* MoviesController.m in Sources */,
				F3C24E1215C7FD380077C801 /* MenuController.m in Sources */,
				F3C24E1515C7FD380077C801 /* SGNCinemasListCell.m in Sources */,
			);
			runOnlyForDeploymentPostprocessing = 0;
		};
/* End PBXSourcesBuildPhase section */

/* Begin PBXVariantGroup section */
		F397E67C15C159A100A92874 /* InfoPlist.strings */ = {
			isa = PBXVariantGroup;
			children = (
				F397E67D15C159A100A92874 /* en */,
			);
			name = InfoPlist.strings;
			sourceTree = "<group>";
		};
/* End PBXVariantGroup section */

/* Begin XCBuildConfiguration section */
		F397E68B15C159A100A92874 /* Debug */ = {
			isa = XCBuildConfiguration;
			buildSettings = {
				ALWAYS_SEARCH_USER_PATHS = NO;
				ARCHS = "$(ARCHS_STANDARD_32_BIT)";
				CLANG_ENABLE_OBJC_ARC = YES;
				"CODE_SIGN_IDENTITY[sdk=iphoneos*]" = "iPhone Developer";
				COPY_PHASE_STRIP = NO;
				GCC_C_LANGUAGE_STANDARD = gnu99;
				GCC_DYNAMIC_NO_PIC = NO;
				GCC_OPTIMIZATION_LEVEL = 0;
				GCC_PREPROCESSOR_DEFINITIONS = (
					"DEBUG=1",
					"$(inherited)",
				);
				GCC_SYMBOLS_PRIVATE_EXTERN = NO;
				GCC_VERSION = com.apple.compilers.llvm.clang.1_0;
				GCC_WARN_ABOUT_RETURN_TYPE = YES;
				GCC_WARN_UNINITIALIZED_AUTOS = YES;
				GCC_WARN_UNUSED_VARIABLE = YES;
				IPHONEOS_DEPLOYMENT_TARGET = 5.1;
				SDKROOT = iphoneos;
			};
			name = Debug;
		};
		F397E68C15C159A100A92874 /* Release */ = {
			isa = XCBuildConfiguration;
			buildSettings = {
				ALWAYS_SEARCH_USER_PATHS = NO;
				ARCHS = "$(ARCHS_STANDARD_32_BIT)";
				CLANG_ENABLE_OBJC_ARC = YES;
				"CODE_SIGN_IDENTITY[sdk=iphoneos*]" = "iPhone Developer";
				COPY_PHASE_STRIP = YES;
				GCC_C_LANGUAGE_STANDARD = gnu99;
				GCC_VERSION = com.apple.compilers.llvm.clang.1_0;
				GCC_WARN_ABOUT_RETURN_TYPE = YES;
				GCC_WARN_UNINITIALIZED_AUTOS = YES;
				GCC_WARN_UNUSED_VARIABLE = YES;
				IPHONEOS_DEPLOYMENT_TARGET = 5.1;
				OTHER_CFLAGS = "-DNS_BLOCK_ASSERTIONS=1";
				SDKROOT = iphoneos;
				VALIDATE_PRODUCT = YES;
			};
			name = Release;
		};
		F397E68E15C159A100A92874 /* Debug */ = {
			isa = XCBuildConfiguration;
			buildSettings = {
				GCC_PRECOMPILE_PREFIX_HEADER = YES;
				GCC_PREFIX_HEADER = "SGN_MOVIE_v2/SGN_MOVIE_v2-Prefix.pch";
				INFOPLIST_FILE = "SGN_MOVIE_v2/SGN_MOVIE_v2-Info.plist";
				IPHONEOS_DEPLOYMENT_TARGET = 4.3;
				OTHER_CFLAGS = "";
				OTHER_CPLUSPLUSFLAGS = "$(OTHER_CFLAGS)";
				PRODUCT_NAME = "$(TARGET_NAME)";
				WRAPPER_EXTENSION = app;
			};
			name = Debug;
		};
		F397E68F15C159A100A92874 /* Release */ = {
			isa = XCBuildConfiguration;
			buildSettings = {
				GCC_PRECOMPILE_PREFIX_HEADER = YES;
				GCC_PREFIX_HEADER = "SGN_MOVIE_v2/SGN_MOVIE_v2-Prefix.pch";
				INFOPLIST_FILE = "SGN_MOVIE_v2/SGN_MOVIE_v2-Info.plist";
				IPHONEOS_DEPLOYMENT_TARGET = 4.3;
				OTHER_CFLAGS = "-DNS_BLOCK_ASSERTIONS=1";
				OTHER_CPLUSPLUSFLAGS = "-DNS_BLOCK_ASSERTIONS=1";
				PRODUCT_NAME = "$(TARGET_NAME)";
				WRAPPER_EXTENSION = app;
			};
			name = Release;
		};
/* End XCBuildConfiguration section */

/* Begin XCConfigurationList section */
		F397E66915C159A000A92874 /* Build configuration list for PBXProject "SGN_MOVIE_v2" */ = {
			isa = XCConfigurationList;
			buildConfigurations = (
				F397E68B15C159A100A92874 /* Debug */,
				F397E68C15C159A100A92874 /* Release */,
			);
			defaultConfigurationIsVisible = 0;
			defaultConfigurationName = Release;
		};
		F397E68D15C159A100A92874 /* Build configuration list for PBXNativeTarget "SGN_MOVIE_v2" */ = {
			isa = XCConfigurationList;
			buildConfigurations = (
				F397E68E15C159A100A92874 /* Debug */,
				F397E68F15C159A100A92874 /* Release */,
			);
			defaultConfigurationIsVisible = 0;
			defaultConfigurationName = Release;
		};
/* End XCConfigurationList section */
	};
	rootObject = F397E66615C159A000A92874 /* Project object */;
}
